
Microsoft Visual Studio Solution File, Format Version 12.00
# Visual Studio 2013
VisualStudioVersion = 12.0.21005.1
MinimumVisualStudioVersion = 10.0.40219.1
Project("{8BC9CEB8-8B4A-11D0-8D11-00A0C91BC942}") = "笔试", "笔试\笔试.vcxproj", "{F0B2B6FD-AE06-4DBF-9CCA-8E22737BBFAB}"
EndProject
Project("{8BC9CEB8-8B4A-11D0-8D11-00A0C91BC942}") = "网易04", "网易03\网易03.vcxproj", "{31558795-66E6-428E-A197-1A83AFF8E294}"
EndProject
Project("{8BC9CEB8-8B4A-11D0-8D11-00A0C91BC942}") = "头条01", "头条01\头条01.vcxproj", "{17319401-FCA7-4BCA-BC99-C4CBE534C763}"
EndProject
Project("{8BC9CEB8-8B4A-11D0-8D11-00A0C91BC942}") = "华为01", "华为01\华为01.vcxproj", "{459F9887-B4C3-4B5E-9B31-B531E5823457}"
EndProject
Project("{8BC9CEB8-8B4A-11D0-8D11-00A0C91BC942}") = "华为02", "华为02\华为02.vcxproj", "{3CB54869-9859-4A73-BBE2-B57961E9C5C2}"
EndProject
Project("{8BC9CEB8-8B4A-11D0-8D11-00A0C91BC942}") = "华为8-22-1", "华为8-22-1\华为8-22-1.vcxproj", "{DE1ADECD-270D-4408-BA58-A3A6AD78150C}"
EndProject
Project("{8BC9CEB8-8B4A-11D0-8D11-00A0C91BC942}") = "华为8-22-2", "华为8-22-2\华为8-22-2.vcxproj", "{23B880F2-18DB-452D-8EE9-897F5761D443}"
EndProject
Project("{8BC9CEB8-8B4A-11D0-8D11-00A0C91BC942}") = "头条8-25-1", "头条8-25-1\头条8-25-1.vcxproj", "{CF04CE61-2CE0-4839-889E-3AAC864E1A59}"
EndProject
Project("{8BC9CEB8-8B4A-11D0-8D11-00A0C91BC942}") = "头条8-25-2", "头条8-25-2\头条8-25-2.vcxproj", "{DAD1F670-A6A0-40CC-A404-84E4E18CEAC8}"
EndProject
Project("{8BC9CEB8-8B4A-11D0-8D11-00A0C91BC942}") = "头条练习04", "头条练习04\头条练习04.vcxproj", "{655222D3-1E65-4E5B-91C0-9F613DDE20CB}"
EndProject
Project("{8BC9CEB8-8B4A-11D0-8D11-00A0C91BC942}") = "招银01", "招银01\招银01.vcxproj", "{15237717-8AB3-49D7-BA05-EE8CEC252F60}"
EndProject
Project("{8BC9CEB8-8B4A-11D0-8D11-00A0C91BC942}") = "招银02", "招银02\招银02.vcxproj", "{B995D5CE-BD0A-4FC3-B8D0-32B6B1E97970}"
EndProject
Project("{8BC9CEB8-8B4A-11D0-8D11-00A0C91BC942}") = "快排测试", "快排测试\快排测试.vcxproj", "{BE933625-65C3-422E-81AD-CA3984A5FEB5}"
EndProject
Project("{8BC9CEB8-8B4A-11D0-8D11-00A0C91BC942}") = "工具函数", "输入序列化\输入序列化.vcxproj", "{C0620DBA-FEC9-4F88-919D-0AF5CD41C96B}"
EndProject
Project("{8BC9CEB8-8B4A-11D0-8D11-00A0C91BC942}") = "oppo霍夫曼树", "oppo霍夫曼树\oppo霍夫曼树.vcxproj", "{10E95B50-2E05-485B-A68B-373F2C11A4E5}"
EndProject
Project("{8BC9CEB8-8B4A-11D0-8D11-00A0C91BC942}") = "迅雷", "迅雷\迅雷.vcxproj", "{FDA977A4-BF0B-4D86-B29F-67183241B9D3}"
EndProject
Project("{8BC9CEB8-8B4A-11D0-8D11-00A0C91BC942}") = "搜狗02", "搜狗02\搜狗02.vcxproj", "{D5C3309A-DD8C-49CE-B368-EDB6E91FBFA0}"
EndProject
Project("{8BC9CEB8-8B4A-11D0-8D11-00A0C91BC942}") = "腾讯02", "腾讯02\腾讯02.vcxproj", "{BE97AFD9-7AC3-4595-AE50-115742EA3B53}"
EndProject
Project("{8BC9CEB8-8B4A-11D0-8D11-00A0C91BC942}") = "顺丰01", "顺丰01\顺丰01.vcxproj", "{D2EAC5DA-5EEA-4199-A7F6-C4260FF21CC6}"
EndProject
Project("{8BC9CEB8-8B4A-11D0-8D11-00A0C91BC942}") = "滴滴01", "滴滴01\滴滴01.vcxproj", "{17BAE0D1-E172-473A-97E3-CBDA9783B9DB}"
EndProject
Project("{8BC9CEB8-8B4A-11D0-8D11-00A0C91BC942}") = "小马01", "小马01\小马01.vcxproj", "{BE583DBB-B90F-4F0E-B323-F1E220EFFB19}"
EndProject
Project("{8BC9CEB8-8B4A-11D0-8D11-00A0C91BC942}") = "虎牙03", "小马03\小马03.vcxproj", "{1AFBFBF3-7158-4B9F-8E55-ECC352163077}"
EndProject
Project("{8BC9CEB8-8B4A-11D0-8D11-00A0C91BC942}") = "虎牙01", "小马04\小马04.vcxproj", "{A7856093-0D9A-4A35-A34D-8083560B2E2D}"
EndProject
Project("{8BC9CEB8-8B4A-11D0-8D11-00A0C91BC942}") = "虎牙02", "虎牙02\虎牙02.vcxproj", "{FE8EB613-2791-4EE5-A57D-A9AE165268B3}"
EndProject
Project("{8BC9CEB8-8B4A-11D0-8D11-00A0C91BC942}") = "快手01", "快手01\快手01.vcxproj", "{CF056EF2-0DAE-4B74-A1E1-E76F8D52A589}"
EndProject
Project("{8BC9CEB8-8B4A-11D0-8D11-00A0C91BC942}") = "快手03", "快手03\快手03.vcxproj", "{34FA4B3E-7B12-4F59-A50D-B26A331554DD}"
EndProject
Project("{8BC9CEB8-8B4A-11D0-8D11-00A0C91BC942}") = "我的华为02", "我的华为02\我的华为02.vcxproj", "{80698FEC-2106-49DD-8463-AABA89682E06}"
EndProject
Project("{8BC9CEB8-8B4A-11D0-8D11-00A0C91BC942}") = "我的华为03", "我的华为03\我的华为03.vcxproj", "{8EF2873E-BCD3-46D5-86D3-B98A98707B62}"
EndProject
Project("{8BC9CEB8-8B4A-11D0-8D11-00A0C91BC942}") = "小米01", "小米01\小米01.vcxproj", "{0E934E1F-ABBF-4438-950C-818BA716A03A}"
EndProject
Project("{8BC9CEB8-8B4A-11D0-8D11-00A0C91BC942}") = "去哪儿01", "去哪儿01\去哪儿01.vcxproj", "{989AA7DE-A5E1-42CF-AD32-98B2E69604DF}"
EndProject
Global
	GlobalSection(SolutionConfigurationPlatforms) = preSolution
		Debug|Win32 = Debug|Win32
		Release|Win32 = Release|Win32
	EndGlobalSection
	GlobalSection(ProjectConfigurationPlatforms) = postSolution
		{F0B2B6FD-AE06-4DBF-9CCA-8E22737BBFAB}.Debug|Win32.ActiveCfg = Debug|Win32
		{F0B2B6FD-AE06-4DBF-9CCA-8E22737BBFAB}.Debug|Win32.Build.0 = Debug|Win32
		{F0B2B6FD-AE06-4DBF-9CCA-8E22737BBFAB}.Release|Win32.ActiveCfg = Release|Win32
		{F0B2B6FD-AE06-4DBF-9CCA-8E22737BBFAB}.Release|Win32.Build.0 = Release|Win32
		{31558795-66E6-428E-A197-1A83AFF8E294}.Debug|Win32.ActiveCfg = Debug|Win32
		{31558795-66E6-428E-A197-1A83AFF8E294}.Debug|Win32.Build.0 = Debug|Win32
		{31558795-66E6-428E-A197-1A83AFF8E294}.Release|Win32.ActiveCfg = Release|Win32
		{31558795-66E6-428E-A197-1A83AFF8E294}.Release|Win32.Build.0 = Release|Win32
		{17319401-FCA7-4BCA-BC99-C4CBE534C763}.Debug|Win32.ActiveCfg = Debug|Win32
		{17319401-FCA7-4BCA-BC99-C4CBE534C763}.Debug|Win32.Build.0 = Debug|Win32
		{17319401-FCA7-4BCA-BC99-C4CBE534C763}.Release|Win32.ActiveCfg = Release|Win32
		{17319401-FCA7-4BCA-BC99-C4CBE534C763}.Release|Win32.Build.0 = Release|Win32
		{459F9887-B4C3-4B5E-9B31-B531E5823457}.Debug|Win32.ActiveCfg = Debug|Win32
		{459F9887-B4C3-4B5E-9B31-B531E5823457}.Debug|Win32.Build.0 = Debug|Win32
		{459F9887-B4C3-4B5E-9B31-B531E5823457}.Release|Win32.ActiveCfg = Release|Win32
		{459F9887-B4C3-4B5E-9B31-B531E5823457}.Release|Win32.Build.0 = Release|Win32
		{3CB54869-9859-4A73-BBE2-B57961E9C5C2}.Debug|Win32.ActiveCfg = Debug|Win32
		{3CB54869-9859-4A73-BBE2-B57961E9C5C2}.Debug|Win32.Build.0 = Debug|Win32
		{3CB54869-9859-4A73-BBE2-B57961E9C5C2}.Release|Win32.ActiveCfg = Release|Win32
		{3CB54869-9859-4A73-BBE2-B57961E9C5C2}.Release|Win32.Build.0 = Release|Win32
		{DE1ADECD-270D-4408-BA58-A3A6AD78150C}.Debug|Win32.ActiveCfg = Debug|Win32
		{DE1ADECD-270D-4408-BA58-A3A6AD78150C}.Debug|Win32.Build.0 = Debug|Win32
		{DE1ADECD-270D-4408-BA58-A3A6AD78150C}.Release|Win32.ActiveCfg = Release|Win32
		{DE1ADECD-270D-4408-BA58-A3A6AD78150C}.Release|Win32.Build.0 = Release|Win32
		{23B880F2-18DB-452D-8EE9-897F5761D443}.Debug|Win32.ActiveCfg = Debug|Win32
		{23B880F2-18DB-452D-8EE9-897F5761D443}.Debug|Win32.Build.0 = Debug|Win32
		{23B880F2-18DB-452D-8EE9-897F5761D443}.Release|Win32.ActiveCfg = Release|Win32
		{23B880F2-18DB-452D-8EE9-897F5761D443}.Release|Win32.Build.0 = Release|Win32
		{CF04CE61-2CE0-4839-889E-3AAC864E1A59}.Debug|Win32.ActiveCfg = Debug|Win32
		{CF04CE61-2CE0-4839-889E-3AAC864E1A59}.Debug|Win32.Build.0 = Debug|Win32
		{CF04CE61-2CE0-4839-889E-3AAC864E1A59}.Release|Win32.ActiveCfg = Release|Win32
		{CF04CE61-2CE0-4839-889E-3AAC864E1A59}.Release|Win32.Build.0 = Release|Win32
		{DAD1F670-A6A0-40CC-A404-84E4E18CEAC8}.Debug|Win32.ActiveCfg = Debug|Win32
		{DAD1F670-A6A0-40CC-A404-84E4E18CEAC8}.Debug|Win32.Build.0 = Debug|Win32
		{DAD1F670-A6A0-40CC-A404-84E4E18CEAC8}.Release|Win32.ActiveCfg = Release|Win32
		{DAD1F670-A6A0-40CC-A404-84E4E18CEAC8}.Release|Win32.Build.0 = Release|Win32
		{655222D3-1E65-4E5B-91C0-9F613DDE20CB}.Debug|Win32.ActiveCfg = Debug|Win32
		{655222D3-1E65-4E5B-91C0-9F613DDE20CB}.Debug|Win32.Build.0 = Debug|Win32
		{655222D3-1E65-4E5B-91C0-9F613DDE20CB}.Release|Win32.ActiveCfg = Release|Win32
		{655222D3-1E65-4E5B-91C0-9F613DDE20CB}.Release|Win32.Build.0 = Release|Win32
		{15237717-8AB3-49D7-BA05-EE8CEC252F60}.Debug|Win32.ActiveCfg = Debug|Win32
		{15237717-8AB3-49D7-BA05-EE8CEC252F60}.Debug|Win32.Build.0 = Debug|Win32
		{15237717-8AB3-49D7-BA05-EE8CEC252F60}.Release|Win32.ActiveCfg = Release|Win32
		{15237717-8AB3-49D7-BA05-EE8CEC252F60}.Release|Win32.Build.0 = Release|Win32
		{B995D5CE-BD0A-4FC3-B8D0-32B6B1E97970}.Debug|Win32.ActiveCfg = Debug|Win32
		{B995D5CE-BD0A-4FC3-B8D0-32B6B1E97970}.Debug|Win32.Build.0 = Debug|Win32
		{B995D5CE-BD0A-4FC3-B8D0-32B6B1E97970}.Release|Win32.ActiveCfg = Release|Win32
		{B995D5CE-BD0A-4FC3-B8D0-32B6B1E97970}.Release|Win32.Build.0 = Release|Win32
		{BE933625-65C3-422E-81AD-CA3984A5FEB5}.Debug|Win32.ActiveCfg = Debug|Win32
		{BE933625-65C3-422E-81AD-CA3984A5FEB5}.Debug|Win32.Build.0 = Debug|Win32
		{BE933625-65C3-422E-81AD-CA3984A5FEB5}.Release|Win32.ActiveCfg = Release|Win32
		{BE933625-65C3-422E-81AD-CA3984A5FEB5}.Release|Win32.Build.0 = Release|Win32
		{C0620DBA-FEC9-4F88-919D-0AF5CD41C96B}.Debug|Win32.ActiveCfg = Debug|Win32
		{C0620DBA-FEC9-4F88-919D-0AF5CD41C96B}.Debug|Win32.Build.0 = Debug|Win32
		{C0620DBA-FEC9-4F88-919D-0AF5CD41C96B}.Release|Win32.ActiveCfg = Release|Win32
		{C0620DBA-FEC9-4F88-919D-0AF5CD41C96B}.Release|Win32.Build.0 = Release|Win32
		{10E95B50-2E05-485B-A68B-373F2C11A4E5}.Debug|Win32.ActiveCfg = Debug|Win32
		{10E95B50-2E05-485B-A68B-373F2C11A4E5}.Debug|Win32.Build.0 = Debug|Win32
		{10E95B50-2E05-485B-A68B-373F2C11A4E5}.Release|Win32.ActiveCfg = Release|Win32
		{10E95B50-2E05-485B-A68B-373F2C11A4E5}.Release|Win32.Build.0 = Release|Win32
		{FDA977A4-BF0B-4D86-B29F-67183241B9D3}.Debug|Win32.ActiveCfg = Debug|Win32
		{FDA977A4-BF0B-4D86-B29F-67183241B9D3}.Debug|Win32.Build.0 = Debug|Win32
		{FDA977A4-BF0B-4D86-B29F-67183241B9D3}.Release|Win32.ActiveCfg = Release|Win32
		{FDA977A4-BF0B-4D86-B29F-67183241B9D3}.Release|Win32.Build.0 = Release|Win32
		{D5C3309A-DD8C-49CE-B368-EDB6E91FBFA0}.Debug|Win32.ActiveCfg = Debug|Win32
		{D5C3309A-DD8C-49CE-B368-EDB6E91FBFA0}.Debug|Win32.Build.0 = Debug|Win32
		{D5C3309A-DD8C-49CE-B368-EDB6E91FBFA0}.Release|Win32.ActiveCfg = Release|Win32
		{D5C3309A-DD8C-49CE-B368-EDB6E91FBFA0}.Release|Win32.Build.0 = Release|Win32
		{BE97AFD9-7AC3-4595-AE50-115742EA3B53}.Debug|Win32.ActiveCfg = Debug|Win32
		{BE97AFD9-7AC3-4595-AE50-115742EA3B53}.Debug|Win32.Build.0 = Debug|Win32
		{BE97AFD9-7AC3-4595-AE50-115742EA3B53}.Release|Win32.ActiveCfg = Release|Win32
		{BE97AFD9-7AC3-4595-AE50-115742EA3B53}.Release|Win32.Build.0 = Release|Win32
		{D2EAC5DA-5EEA-4199-A7F6-C4260FF21CC6}.Debug|Win32.ActiveCfg = Debug|Win32
		{D2EAC5DA-5EEA-4199-A7F6-C4260FF21CC6}.Debug|Win32.Build.0 = Debug|Win32
		{D2EAC5DA-5EEA-4199-A7F6-C4260FF21CC6}.Release|Win32.ActiveCfg = Release|Win32
		{D2EAC5DA-5EEA-4199-A7F6-C4260FF21CC6}.Release|Win32.Build.0 = Release|Win32
		{17BAE0D1-E172-473A-97E3-CBDA9783B9DB}.Debug|Win32.ActiveCfg = Debug|Win32
		{17BAE0D1-E172-473A-97E3-CBDA9783B9DB}.Debug|Win32.Build.0 = Debug|Win32
		{17BAE0D1-E172-473A-97E3-CBDA9783B9DB}.Release|Win32.ActiveCfg = Release|Win32
		{17BAE0D1-E172-473A-97E3-CBDA9783B9DB}.Release|Win32.Build.0 = Release|Win32
		{BE583DBB-B90F-4F0E-B323-F1E220EFFB19}.Debug|Win32.ActiveCfg = Debug|Win32
		{BE583DBB-B90F-4F0E-B323-F1E220EFFB19}.Debug|Win32.Build.0 = Debug|Win32
		{BE583DBB-B90F-4F0E-B323-F1E220EFFB19}.Release|Win32.ActiveCfg = Release|Win32
		{BE583DBB-B90F-4F0E-B323-F1E220EFFB19}.Release|Win32.Build.0 = Release|Win32
		{1AFBFBF3-7158-4B9F-8E55-ECC352163077}.Debug|Win32.ActiveCfg = Debug|Win32
		{1AFBFBF3-7158-4B9F-8E55-ECC352163077}.Debug|Win32.Build.0 = Debug|Win32
		{1AFBFBF3-7158-4B9F-8E55-ECC352163077}.Release|Win32.ActiveCfg = Release|Win32
		{1AFBFBF3-7158-4B9F-8E55-ECC352163077}.Release|Win32.Build.0 = Release|Win32
		{A7856093-0D9A-4A35-A34D-8083560B2E2D}.Debug|Win32.ActiveCfg = Debug|Win32
		{A7856093-0D9A-4A35-A34D-8083560B2E2D}.Debug|Win32.Build.0 = Debug|Win32
		{A7856093-0D9A-4A35-A34D-8083560B2E2D}.Release|Win32.ActiveCfg = Release|Win32
		{A7856093-0D9A-4A35-A34D-8083560B2E2D}.Release|Win32.Build.0 = Release|Win32
		{FE8EB613-2791-4EE5-A57D-A9AE165268B3}.Debug|Win32.ActiveCfg = Debug|Win32
		{FE8EB613-2791-4EE5-A57D-A9AE165268B3}.Debug|Win32.Build.0 = Debug|Win32
		{FE8EB613-2791-4EE5-A57D-A9AE165268B3}.Release|Win32.ActiveCfg = Release|Win32
		{FE8EB613-2791-4EE5-A57D-A9AE165268B3}.Release|Win32.Build.0 = Release|Win32
		{CF056EF2-0DAE-4B74-A1E1-E76F8D52A589}.Debug|Win32.ActiveCfg = Debug|Win32
		{CF056EF2-0DAE-4B74-A1E1-E76F8D52A589}.Debug|Win32.Build.0 = Debug|Win32
		{CF056EF2-0DAE-4B74-A1E1-E76F8D52A589}.Release|Win32.ActiveCfg = Release|Win32
		{CF056EF2-0DAE-4B74-A1E1-E76F8D52A589}.Release|Win32.Build.0 = Release|Win32
		{34FA4B3E-7B12-4F59-A50D-B26A331554DD}.Debug|Win32.ActiveCfg = Debug|Win32
		{34FA4B3E-7B12-4F59-A50D-B26A331554DD}.Debug|Win32.Build.0 = Debug|Win32
		{34FA4B3E-7B12-4F59-A50D-B26A331554DD}.Release|Win32.ActiveCfg = Release|Win32
		{34FA4B3E-7B12-4F59-A50D-B26A331554DD}.Release|Win32.Build.0 = Release|Win32
		{80698FEC-2106-49DD-8463-AABA89682E06}.Debug|Win32.ActiveCfg = Debug|Win32
		{80698FEC-2106-49DD-8463-AABA89682E06}.Debug|Win32.Build.0 = Debug|Win32
		{80698FEC-2106-49DD-8463-AABA89682E06}.Release|Win32.ActiveCfg = Release|Win32
		{80698FEC-2106-49DD-8463-AABA89682E06}.Release|Win32.Build.0 = Release|Win32
		{8EF2873E-BCD3-46D5-86D3-B98A98707B62}.Debug|Win32.ActiveCfg = Debug|Win32
		{8EF2873E-BCD3-46D5-86D3-B98A98707B62}.Debug|Win32.Build.0 = Debug|Win32
		{8EF2873E-BCD3-46D5-86D3-B98A98707B62}.Release|Win32.ActiveCfg = Release|Win32
		{8EF2873E-BCD3-46D5-86D3-B98A98707B62}.Release|Win32.Build.0 = Release|Win32
		{0E934E1F-ABBF-4438-950C-818BA716A03A}.Debug|Win32.ActiveCfg = Debug|Win32
		{0E934E1F-ABBF-4438-950C-818BA716A03A}.Debug|Win32.Build.0 = Debug|Win32
		{0E934E1F-ABBF-4438-950C-818BA716A03A}.Release|Win32.ActiveCfg = Release|Win32
		{0E934E1F-ABBF-4438-950C-818BA716A03A}.Release|Win32.Build.0 = Release|Win32
		{989AA7DE-A5E1-42CF-AD32-98B2E69604DF}.Debug|Win32.ActiveCfg = Debug|Win32
		{989AA7DE-A5E1-42CF-AD32-98B2E69604DF}.Debug|Win32.Build.0 = Debug|Win32
		{989AA7DE-A5E1-42CF-AD32-98B2E69604DF}.Release|Win32.ActiveCfg = Release|Win32
		{989AA7DE-A5E1-42CF-AD32-98B2E69604DF}.Release|Win32.Build.0 = Release|Win32
	EndGlobalSection
	GlobalSection(SolutionProperties) = preSolution
		HideSolutionNode = FALSE
	EndGlobalSection
EndGlobal
