
Microsoft Visual Studio Solution File, Format Version 12.00
# Visual Studio 2013
VisualStudioVersion = 12.0.21005.1
MinimumVisualStudioVersion = 10.0.40219.1
Project("{8BC9CEB8-8B4A-11D0-8D11-00A0C91BC942}") = "剑指offer", "剑指offer\剑指offer.vcxproj", "{B86FB0D9-44A8-4DE0-8FB6-AFB338AEB7A1}"
EndProject
Project("{8BC9CEB8-8B4A-11D0-8D11-00A0C91BC942}") = "01二维数组中的查找", "01二维数组中的查找\01二维数组中的查找.vcxproj", "{4288704C-0F34-4B97-8954-65E32E765BC8}"
EndProject
Project("{8BC9CEB8-8B4A-11D0-8D11-00A0C91BC942}") = "02替换空格", "02替换空格\02替换空格.vcxproj", "{BDA344FE-32E1-4DFD-8DB1-28C8FFBD1ED9}"
EndProject
Project("{8BC9CEB8-8B4A-11D0-8D11-00A0C91BC942}") = "03从尾到头打印链表", "03从尾到头打印链表\03从尾到头打印链表.vcxproj", "{3A6B1505-72CE-45E5-9AB7-399D94E61438}"
EndProject
Project("{8BC9CEB8-8B4A-11D0-8D11-00A0C91BC942}") = "04重建二叉树", "04重建二叉树\04重建二叉树.vcxproj", "{CDEE239B-6905-466C-817F-D364FECEE0E0}"
EndProject
Project("{8BC9CEB8-8B4A-11D0-8D11-00A0C91BC942}") = "05用两个栈实现队列", "05用两个栈实现队列\05用两个栈实现队列.vcxproj", "{D19F347D-55F6-46D7-BE2D-61DDA17BE6A3}"
EndProject
Project("{8BC9CEB8-8B4A-11D0-8D11-00A0C91BC942}") = "06旋转数组的最小数字", "06旋转数组的最小数字\06旋转数组的最小数字.vcxproj", "{4EFD50CC-8BFD-436F-B182-CE3E3057BE45}"
EndProject
Project("{8BC9CEB8-8B4A-11D0-8D11-00A0C91BC942}") = "07斐波那契数列", "07斐波那契数列\07斐波那契数列.vcxproj", "{934DF3AA-48A1-4686-98C2-D7326DC4F629}"
EndProject
Project("{8BC9CEB8-8B4A-11D0-8D11-00A0C91BC942}") = "08跳台阶", "08跳台阶\08跳台阶.vcxproj", "{819EF28D-0F9D-48F8-B4B5-7A8D4F77F1A3}"
EndProject
Project("{8BC9CEB8-8B4A-11D0-8D11-00A0C91BC942}") = "09变态跳台阶", "09变态跳台阶\09变态跳台阶.vcxproj", "{37FCD729-0AD4-4798-B926-C6F8323F677B}"
EndProject
Project("{8BC9CEB8-8B4A-11D0-8D11-00A0C91BC942}") = "10矩形覆盖", "10矩形覆盖\10矩形覆盖.vcxproj", "{CE3E37F4-2449-4416-BD0B-0F5DECCFF9B7}"
EndProject
Project("{8BC9CEB8-8B4A-11D0-8D11-00A0C91BC942}") = "11二进制中1的个数", "11二进制中1的个数\11二进制中1的个数.vcxproj", "{4B4FC87B-3032-4277-85E8-D0225DD423C5}"
EndProject
Project("{8BC9CEB8-8B4A-11D0-8D11-00A0C91BC942}") = "12数值的整数次方", "12数值的整数次方\12数值的整数次方.vcxproj", "{31D75C93-DA7F-430F-B663-0592D9A90ED3}"
EndProject
Project("{8BC9CEB8-8B4A-11D0-8D11-00A0C91BC942}") = "13调整数组顺序使奇数位于偶数前面", "调整数组顺序使奇数位于偶数前面\调整数组顺序使奇数位于偶数前面.vcxproj", "{038BB503-D0C3-4EF5-B578-A2F5AFA7A0AC}"
EndProject
Project("{8BC9CEB8-8B4A-11D0-8D11-00A0C91BC942}") = "14链表中倒数第k个节点", "14链表中倒数第k个节点\14链表中倒数第k个节点.vcxproj", "{EF614D97-65F6-430F-ACF8-C972275F9C5C}"
EndProject
Project("{8BC9CEB8-8B4A-11D0-8D11-00A0C91BC942}") = "15反转链表", "15反转链表\15反转链表.vcxproj", "{969E30E4-E53B-4DA2-9945-0A186A30B1B9}"
EndProject
Project("{8BC9CEB8-8B4A-11D0-8D11-00A0C91BC942}") = "16合并两个排序的链表", "16合并两个排序的链表\16合并两个排序的链表.vcxproj", "{FE61C800-E36A-4736-9D82-5B5FB3B7481D}"
EndProject
Project("{8BC9CEB8-8B4A-11D0-8D11-00A0C91BC942}") = "17树的子结构", "17树的子结构\17树的子结构.vcxproj", "{3255D6C1-7CC2-4556-949A-25DECA94D316}"
EndProject
Project("{8BC9CEB8-8B4A-11D0-8D11-00A0C91BC942}") = "18二叉树的镜像", "二叉树的镜像\二叉树的镜像.vcxproj", "{F618E0D8-A25E-4749-88A7-C8FA53F8796D}"
EndProject
Project("{8BC9CEB8-8B4A-11D0-8D11-00A0C91BC942}") = "19顺时针打印矩阵", "19顺时针打印矩阵\19顺时针打印矩阵.vcxproj", "{F9C4C603-ED7C-4588-9B8A-6FD84B29B6BB}"
EndProject
Project("{8BC9CEB8-8B4A-11D0-8D11-00A0C91BC942}") = "20包含min函数的栈", "20包含min函数的栈\20包含min函数的栈.vcxproj", "{C49ED09E-8C74-4F09-AC5C-DA2B5EE55327}"
EndProject
Project("{8BC9CEB8-8B4A-11D0-8D11-00A0C91BC942}") = "21栈的压入弹出序列", "21栈的压入弹出序列\21栈的压入弹出序列.vcxproj", "{F8ED3BFD-7F6D-4CDD-962A-9B19192B486C}"
EndProject
Project("{8BC9CEB8-8B4A-11D0-8D11-00A0C91BC942}") = "22从上往下打印二叉树", "22从上往下打印二叉树\22从上往下打印二叉树.vcxproj", "{641357D8-9101-4EAF-AB47-24772C48DA3B}"
EndProject
Project("{8BC9CEB8-8B4A-11D0-8D11-00A0C91BC942}") = "23二叉搜索树的后序遍历序列", "23二叉搜索树的后序遍历序列\23二叉搜索树的后序遍历序列.vcxproj", "{191600E1-99BA-4A48-BD16-712B8A130A08}"
EndProject
Project("{8BC9CEB8-8B4A-11D0-8D11-00A0C91BC942}") = "24二叉树中和为某一值的路径", "24二叉树中和为某一值的路径\24二叉树中和为某一值的路径.vcxproj", "{8F385EEF-94D4-42B4-B1EB-D1ECE6F345B5}"
EndProject
Project("{8BC9CEB8-8B4A-11D0-8D11-00A0C91BC942}") = "25复杂链表的复制", "25复杂链表的复制\25复杂链表的复制.vcxproj", "{D77AE324-E5E2-46FE-B41B-D55A794852A6}"
EndProject
Project("{8BC9CEB8-8B4A-11D0-8D11-00A0C91BC942}") = "26及以上", "26及以上\26及以上.vcxproj", "{59B8200B-249A-4886-8AA6-75BAF71EB87B}"
EndProject
Global
	GlobalSection(SolutionConfigurationPlatforms) = preSolution
		Debug|Win32 = Debug|Win32
		Release|Win32 = Release|Win32
	EndGlobalSection
	GlobalSection(ProjectConfigurationPlatforms) = postSolution
		{B86FB0D9-44A8-4DE0-8FB6-AFB338AEB7A1}.Debug|Win32.ActiveCfg = Debug|Win32
		{B86FB0D9-44A8-4DE0-8FB6-AFB338AEB7A1}.Debug|Win32.Build.0 = Debug|Win32
		{B86FB0D9-44A8-4DE0-8FB6-AFB338AEB7A1}.Release|Win32.ActiveCfg = Release|Win32
		{B86FB0D9-44A8-4DE0-8FB6-AFB338AEB7A1}.Release|Win32.Build.0 = Release|Win32
		{4288704C-0F34-4B97-8954-65E32E765BC8}.Debug|Win32.ActiveCfg = Debug|Win32
		{4288704C-0F34-4B97-8954-65E32E765BC8}.Debug|Win32.Build.0 = Debug|Win32
		{4288704C-0F34-4B97-8954-65E32E765BC8}.Release|Win32.ActiveCfg = Release|Win32
		{4288704C-0F34-4B97-8954-65E32E765BC8}.Release|Win32.Build.0 = Release|Win32
		{BDA344FE-32E1-4DFD-8DB1-28C8FFBD1ED9}.Debug|Win32.ActiveCfg = Debug|Win32
		{BDA344FE-32E1-4DFD-8DB1-28C8FFBD1ED9}.Debug|Win32.Build.0 = Debug|Win32
		{BDA344FE-32E1-4DFD-8DB1-28C8FFBD1ED9}.Release|Win32.ActiveCfg = Release|Win32
		{BDA344FE-32E1-4DFD-8DB1-28C8FFBD1ED9}.Release|Win32.Build.0 = Release|Win32
		{3A6B1505-72CE-45E5-9AB7-399D94E61438}.Debug|Win32.ActiveCfg = Debug|Win32
		{3A6B1505-72CE-45E5-9AB7-399D94E61438}.Debug|Win32.Build.0 = Debug|Win32
		{3A6B1505-72CE-45E5-9AB7-399D94E61438}.Release|Win32.ActiveCfg = Release|Win32
		{3A6B1505-72CE-45E5-9AB7-399D94E61438}.Release|Win32.Build.0 = Release|Win32
		{CDEE239B-6905-466C-817F-D364FECEE0E0}.Debug|Win32.ActiveCfg = Debug|Win32
		{CDEE239B-6905-466C-817F-D364FECEE0E0}.Debug|Win32.Build.0 = Debug|Win32
		{CDEE239B-6905-466C-817F-D364FECEE0E0}.Release|Win32.ActiveCfg = Release|Win32
		{CDEE239B-6905-466C-817F-D364FECEE0E0}.Release|Win32.Build.0 = Release|Win32
		{D19F347D-55F6-46D7-BE2D-61DDA17BE6A3}.Debug|Win32.ActiveCfg = Debug|Win32
		{D19F347D-55F6-46D7-BE2D-61DDA17BE6A3}.Debug|Win32.Build.0 = Debug|Win32
		{D19F347D-55F6-46D7-BE2D-61DDA17BE6A3}.Release|Win32.ActiveCfg = Release|Win32
		{D19F347D-55F6-46D7-BE2D-61DDA17BE6A3}.Release|Win32.Build.0 = Release|Win32
		{4EFD50CC-8BFD-436F-B182-CE3E3057BE45}.Debug|Win32.ActiveCfg = Debug|Win32
		{4EFD50CC-8BFD-436F-B182-CE3E3057BE45}.Debug|Win32.Build.0 = Debug|Win32
		{4EFD50CC-8BFD-436F-B182-CE3E3057BE45}.Release|Win32.ActiveCfg = Release|Win32
		{4EFD50CC-8BFD-436F-B182-CE3E3057BE45}.Release|Win32.Build.0 = Release|Win32
		{934DF3AA-48A1-4686-98C2-D7326DC4F629}.Debug|Win32.ActiveCfg = Debug|Win32
		{934DF3AA-48A1-4686-98C2-D7326DC4F629}.Debug|Win32.Build.0 = Debug|Win32
		{934DF3AA-48A1-4686-98C2-D7326DC4F629}.Release|Win32.ActiveCfg = Release|Win32
		{934DF3AA-48A1-4686-98C2-D7326DC4F629}.Release|Win32.Build.0 = Release|Win32
		{819EF28D-0F9D-48F8-B4B5-7A8D4F77F1A3}.Debug|Win32.ActiveCfg = Debug|Win32
		{819EF28D-0F9D-48F8-B4B5-7A8D4F77F1A3}.Debug|Win32.Build.0 = Debug|Win32
		{819EF28D-0F9D-48F8-B4B5-7A8D4F77F1A3}.Release|Win32.ActiveCfg = Release|Win32
		{819EF28D-0F9D-48F8-B4B5-7A8D4F77F1A3}.Release|Win32.Build.0 = Release|Win32
		{37FCD729-0AD4-4798-B926-C6F8323F677B}.Debug|Win32.ActiveCfg = Debug|Win32
		{37FCD729-0AD4-4798-B926-C6F8323F677B}.Debug|Win32.Build.0 = Debug|Win32
		{37FCD729-0AD4-4798-B926-C6F8323F677B}.Release|Win32.ActiveCfg = Release|Win32
		{37FCD729-0AD4-4798-B926-C6F8323F677B}.Release|Win32.Build.0 = Release|Win32
		{CE3E37F4-2449-4416-BD0B-0F5DECCFF9B7}.Debug|Win32.ActiveCfg = Debug|Win32
		{CE3E37F4-2449-4416-BD0B-0F5DECCFF9B7}.Debug|Win32.Build.0 = Debug|Win32
		{CE3E37F4-2449-4416-BD0B-0F5DECCFF9B7}.Release|Win32.ActiveCfg = Release|Win32
		{CE3E37F4-2449-4416-BD0B-0F5DECCFF9B7}.Release|Win32.Build.0 = Release|Win32
		{4B4FC87B-3032-4277-85E8-D0225DD423C5}.Debug|Win32.ActiveCfg = Debug|Win32
		{4B4FC87B-3032-4277-85E8-D0225DD423C5}.Debug|Win32.Build.0 = Debug|Win32
		{4B4FC87B-3032-4277-85E8-D0225DD423C5}.Release|Win32.ActiveCfg = Release|Win32
		{4B4FC87B-3032-4277-85E8-D0225DD423C5}.Release|Win32.Build.0 = Release|Win32
		{31D75C93-DA7F-430F-B663-0592D9A90ED3}.Debug|Win32.ActiveCfg = Debug|Win32
		{31D75C93-DA7F-430F-B663-0592D9A90ED3}.Debug|Win32.Build.0 = Debug|Win32
		{31D75C93-DA7F-430F-B663-0592D9A90ED3}.Release|Win32.ActiveCfg = Release|Win32
		{31D75C93-DA7F-430F-B663-0592D9A90ED3}.Release|Win32.Build.0 = Release|Win32
		{038BB503-D0C3-4EF5-B578-A2F5AFA7A0AC}.Debug|Win32.ActiveCfg = Debug|Win32
		{038BB503-D0C3-4EF5-B578-A2F5AFA7A0AC}.Debug|Win32.Build.0 = Debug|Win32
		{038BB503-D0C3-4EF5-B578-A2F5AFA7A0AC}.Release|Win32.ActiveCfg = Release|Win32
		{038BB503-D0C3-4EF5-B578-A2F5AFA7A0AC}.Release|Win32.Build.0 = Release|Win32
		{EF614D97-65F6-430F-ACF8-C972275F9C5C}.Debug|Win32.ActiveCfg = Debug|Win32
		{EF614D97-65F6-430F-ACF8-C972275F9C5C}.Debug|Win32.Build.0 = Debug|Win32
		{EF614D97-65F6-430F-ACF8-C972275F9C5C}.Release|Win32.ActiveCfg = Release|Win32
		{EF614D97-65F6-430F-ACF8-C972275F9C5C}.Release|Win32.Build.0 = Release|Win32
		{969E30E4-E53B-4DA2-9945-0A186A30B1B9}.Debug|Win32.ActiveCfg = Debug|Win32
		{969E30E4-E53B-4DA2-9945-0A186A30B1B9}.Debug|Win32.Build.0 = Debug|Win32
		{969E30E4-E53B-4DA2-9945-0A186A30B1B9}.Release|Win32.ActiveCfg = Release|Win32
		{969E30E4-E53B-4DA2-9945-0A186A30B1B9}.Release|Win32.Build.0 = Release|Win32
		{FE61C800-E36A-4736-9D82-5B5FB3B7481D}.Debug|Win32.ActiveCfg = Debug|Win32
		{FE61C800-E36A-4736-9D82-5B5FB3B7481D}.Debug|Win32.Build.0 = Debug|Win32
		{FE61C800-E36A-4736-9D82-5B5FB3B7481D}.Release|Win32.ActiveCfg = Release|Win32
		{FE61C800-E36A-4736-9D82-5B5FB3B7481D}.Release|Win32.Build.0 = Release|Win32
		{3255D6C1-7CC2-4556-949A-25DECA94D316}.Debug|Win32.ActiveCfg = Debug|Win32
		{3255D6C1-7CC2-4556-949A-25DECA94D316}.Debug|Win32.Build.0 = Debug|Win32
		{3255D6C1-7CC2-4556-949A-25DECA94D316}.Release|Win32.ActiveCfg = Release|Win32
		{3255D6C1-7CC2-4556-949A-25DECA94D316}.Release|Win32.Build.0 = Release|Win32
		{F618E0D8-A25E-4749-88A7-C8FA53F8796D}.Debug|Win32.ActiveCfg = Debug|Win32
		{F618E0D8-A25E-4749-88A7-C8FA53F8796D}.Debug|Win32.Build.0 = Debug|Win32
		{F618E0D8-A25E-4749-88A7-C8FA53F8796D}.Release|Win32.ActiveCfg = Release|Win32
		{F618E0D8-A25E-4749-88A7-C8FA53F8796D}.Release|Win32.Build.0 = Release|Win32
		{F9C4C603-ED7C-4588-9B8A-6FD84B29B6BB}.Debug|Win32.ActiveCfg = Debug|Win32
		{F9C4C603-ED7C-4588-9B8A-6FD84B29B6BB}.Debug|Win32.Build.0 = Debug|Win32
		{F9C4C603-ED7C-4588-9B8A-6FD84B29B6BB}.Release|Win32.ActiveCfg = Release|Win32
		{F9C4C603-ED7C-4588-9B8A-6FD84B29B6BB}.Release|Win32.Build.0 = Release|Win32
		{C49ED09E-8C74-4F09-AC5C-DA2B5EE55327}.Debug|Win32.ActiveCfg = Debug|Win32
		{C49ED09E-8C74-4F09-AC5C-DA2B5EE55327}.Debug|Win32.Build.0 = Debug|Win32
		{C49ED09E-8C74-4F09-AC5C-DA2B5EE55327}.Release|Win32.ActiveCfg = Release|Win32
		{C49ED09E-8C74-4F09-AC5C-DA2B5EE55327}.Release|Win32.Build.0 = Release|Win32
		{F8ED3BFD-7F6D-4CDD-962A-9B19192B486C}.Debug|Win32.ActiveCfg = Debug|Win32
		{F8ED3BFD-7F6D-4CDD-962A-9B19192B486C}.Debug|Win32.Build.0 = Debug|Win32
		{F8ED3BFD-7F6D-4CDD-962A-9B19192B486C}.Release|Win32.ActiveCfg = Release|Win32
		{F8ED3BFD-7F6D-4CDD-962A-9B19192B486C}.Release|Win32.Build.0 = Release|Win32
		{641357D8-9101-4EAF-AB47-24772C48DA3B}.Debug|Win32.ActiveCfg = Debug|Win32
		{641357D8-9101-4EAF-AB47-24772C48DA3B}.Debug|Win32.Build.0 = Debug|Win32
		{641357D8-9101-4EAF-AB47-24772C48DA3B}.Release|Win32.ActiveCfg = Release|Win32
		{641357D8-9101-4EAF-AB47-24772C48DA3B}.Release|Win32.Build.0 = Release|Win32
		{191600E1-99BA-4A48-BD16-712B8A130A08}.Debug|Win32.ActiveCfg = Debug|Win32
		{191600E1-99BA-4A48-BD16-712B8A130A08}.Debug|Win32.Build.0 = Debug|Win32
		{191600E1-99BA-4A48-BD16-712B8A130A08}.Release|Win32.ActiveCfg = Release|Win32
		{191600E1-99BA-4A48-BD16-712B8A130A08}.Release|Win32.Build.0 = Release|Win32
		{8F385EEF-94D4-42B4-B1EB-D1ECE6F345B5}.Debug|Win32.ActiveCfg = Debug|Win32
		{8F385EEF-94D4-42B4-B1EB-D1ECE6F345B5}.Debug|Win32.Build.0 = Debug|Win32
		{8F385EEF-94D4-42B4-B1EB-D1ECE6F345B5}.Release|Win32.ActiveCfg = Release|Win32
		{8F385EEF-94D4-42B4-B1EB-D1ECE6F345B5}.Release|Win32.Build.0 = Release|Win32
		{D77AE324-E5E2-46FE-B41B-D55A794852A6}.Debug|Win32.ActiveCfg = Debug|Win32
		{D77AE324-E5E2-46FE-B41B-D55A794852A6}.Debug|Win32.Build.0 = Debug|Win32
		{D77AE324-E5E2-46FE-B41B-D55A794852A6}.Release|Win32.ActiveCfg = Release|Win32
		{D77AE324-E5E2-46FE-B41B-D55A794852A6}.Release|Win32.Build.0 = Release|Win32
		{59B8200B-249A-4886-8AA6-75BAF71EB87B}.Debug|Win32.ActiveCfg = Debug|Win32
		{59B8200B-249A-4886-8AA6-75BAF71EB87B}.Debug|Win32.Build.0 = Debug|Win32
		{59B8200B-249A-4886-8AA6-75BAF71EB87B}.Release|Win32.ActiveCfg = Release|Win32
		{59B8200B-249A-4886-8AA6-75BAF71EB87B}.Release|Win32.Build.0 = Release|Win32
	EndGlobalSection
	GlobalSection(SolutionProperties) = preSolution
		HideSolutionNode = FALSE
	EndGlobalSection
EndGlobal
