
Microsoft Visual Studio Solution File, Format Version 12.00
# Visual Studio 2013
VisualStudioVersion = 12.0.21005.1
MinimumVisualStudioVersion = 10.0.40219.1
Project("{8BC9CEB8-8B4A-11D0-8D11-00A0C91BC942}") = "剑指offer", "剑指offer\剑指offer.vcxproj", "{B86FB0D9-44A8-4DE0-8FB6-AFB338AEB7A1}"
EndProject
Project("{8BC9CEB8-8B4A-11D0-8D11-00A0C91BC942}") = "01二维数组中的查找", "01二维数组中的查找\01二维数组中的查找.vcxproj", "{4288704C-0F34-4B97-8954-65E32E765BC8}"
EndProject
Project("{8BC9CEB8-8B4A-11D0-8D11-00A0C91BC942}") = "02替换空格", "02替换空格\02替换空格.vcxproj", "{BDA344FE-32E1-4DFD-8DB1-28C8FFBD1ED9}"
EndProject
Project("{8BC9CEB8-8B4A-11D0-8D11-00A0C91BC942}") = "03从尾到头打印链表", "03从尾到头打印链表\03从尾到头打印链表.vcxproj", "{3A6B1505-72CE-45E5-9AB7-399D94E61438}"
EndProject
Project("{8BC9CEB8-8B4A-11D0-8D11-00A0C91BC942}") = "04重建二叉树", "04重建二叉树\04重建二叉树.vcxproj", "{CDEE239B-6905-466C-817F-D364FECEE0E0}"
EndProject
Project("{8BC9CEB8-8B4A-11D0-8D11-00A0C91BC942}") = "05用两个栈实现队列", "05用两个栈实现队列\05用两个栈实现队列.vcxproj", "{D19F347D-55F6-46D7-BE2D-61DDA17BE6A3}"
EndProject
Project("{8BC9CEB8-8B4A-11D0-8D11-00A0C91BC942}") = "06旋转数组的最小数字", "06旋转数组的最小数字\06旋转数组的最小数字.vcxproj", "{4EFD50CC-8BFD-436F-B182-CE3E3057BE45}"
EndProject
Project("{8BC9CEB8-8B4A-11D0-8D11-00A0C91BC942}") = "07斐波那契数列", "07斐波那契数列\07斐波那契数列.vcxproj", "{934DF3AA-48A1-4686-98C2-D7326DC4F629}"
EndProject
Project("{8BC9CEB8-8B4A-11D0-8D11-00A0C91BC942}") = "08跳台阶", "08跳台阶\08跳台阶.vcxproj", "{819EF28D-0F9D-48F8-B4B5-7A8D4F77F1A3}"
EndProject
Project("{8BC9CEB8-8B4A-11D0-8D11-00A0C91BC942}") = "09变态跳台阶", "09变态跳台阶\09变态跳台阶.vcxproj", "{37FCD729-0AD4-4798-B926-C6F8323F677B}"
EndProject
Project("{8BC9CEB8-8B4A-11D0-8D11-00A0C91BC942}") = "10矩形覆盖", "10矩形覆盖\10矩形覆盖.vcxproj", "{CE3E37F4-2449-4416-BD0B-0F5DECCFF9B7}"
EndProject
Project("{8BC9CEB8-8B4A-11D0-8D11-00A0C91BC942}") = "11二进制中1的个数", "11二进制中1的个数\11二进制中1的个数.vcxproj", "{4B4FC87B-3032-4277-85E8-D0225DD423C5}"
EndProject
Project("{8BC9CEB8-8B4A-11D0-8D11-00A0C91BC942}") = "12数值的整数次方", "12数值的整数次方\12数值的整数次方.vcxproj", "{31D75C93-DA7F-430F-B663-0592D9A90ED3}"
EndProject
Project("{8BC9CEB8-8B4A-11D0-8D11-00A0C91BC942}") = "13调整数组顺序使奇数位于偶数前面", "调整数组顺序使奇数位于偶数前面\调整数组顺序使奇数位于偶数前面.vcxproj", "{038BB503-D0C3-4EF5-B578-A2F5AFA7A0AC}"
EndProject
Project("{8BC9CEB8-8B4A-11D0-8D11-00A0C91BC942}") = "14链表中倒数第k个节点", "14链表中倒数第k个节点\14链表中倒数第k个节点.vcxproj", "{EF614D97-65F6-430F-ACF8-C972275F9C5C}"
EndProject
Project("{8BC9CEB8-8B4A-11D0-8D11-00A0C91BC942}") = "15反转链表", "15反转链表\15反转链表.vcxproj", "{969E30E4-E53B-4DA2-9945-0A186A30B1B9}"
EndProject
Project("{8BC9CEB8-8B4A-11D0-8D11-00A0C91BC942}") = "16合并两个排序的链表", "16合并两个排序的链表\16合并两个排序的链表.vcxproj", "{FE61C800-E36A-4736-9D82-5B5FB3B7481D}"
EndProject
Project("{8BC9CEB8-8B4A-11D0-8D11-00A0C91BC942}") = "17树的子结构", "17树的子结构\17树的子结构.vcxproj", "{3255D6C1-7CC2-4556-949A-25DECA94D316}"
EndProject
Project("{8BC9CEB8-8B4A-11D0-8D11-00A0C91BC942}") = "18二叉树的镜像", "二叉树的镜像\二叉树的镜像.vcxproj", "{F618E0D8-A25E-4749-88A7-C8FA53F8796D}"
EndProject
Project("{8BC9CEB8-8B4A-11D0-8D11-00A0C91BC942}") = "19顺时针打印矩阵", "19顺时针打印矩阵\19顺时针打印矩阵.vcxproj", "{F9C4C603-ED7C-4588-9B8A-6FD84B29B6BB}"
EndProject
Project("{8BC9CEB8-8B4A-11D0-8D11-00A0C91BC942}") = "20包含min函数的栈", "20包含min函数的栈\20包含min函数的栈.vcxproj", "{C49ED09E-8C74-4F09-AC5C-DA2B5EE55327}"
EndProject
Project("{8BC9CEB8-8B4A-11D0-8D11-00A0C91BC942}") = "21栈的压入弹出序列", "21栈的压入弹出序列\21栈的压入弹出序列.vcxproj", "{F8ED3BFD-7F6D-4CDD-962A-9B19192B486C}"
EndProject
Project("{8BC9CEB8-8B4A-11D0-8D11-00A0C91BC942}") = "22从上往下打印二叉树", "22从上往下打印二叉树\22从上往下打印二叉树.vcxproj", "{641357D8-9101-4EAF-AB47-24772C48DA3B}"
EndProject
Project("{8BC9CEB8-8B4A-11D0-8D11-00A0C91BC942}") = "23二叉搜索树的后序遍历序列", "23二叉搜索树的后序遍历序列\23二叉搜索树的后序遍历序列.vcxproj", "{191600E1-99BA-4A48-BD16-712B8A130A08}"
EndProject
Project("{8BC9CEB8-8B4A-11D0-8D11-00A0C91BC942}") = "24二叉树中和为某一值的路径", "24二叉树中和为某一值的路径\24二叉树中和为某一值的路径.vcxproj", "{8F385EEF-94D4-42B4-B1EB-D1ECE6F345B5}"
EndProject
Project("{8BC9CEB8-8B4A-11D0-8D11-00A0C91BC942}") = "25复杂链表的复制", "25复杂链表的复制\25复杂链表的复制.vcxproj", "{D77AE324-E5E2-46FE-B41B-D55A794852A6}"
EndProject
Project("{8BC9CEB8-8B4A-11D0-8D11-00A0C91BC942}") = "26二叉搜索树与双向链表", "26及以上\26及以上.vcxproj", "{59B8200B-249A-4886-8AA6-75BAF71EB87B}"
EndProject
Project("{8BC9CEB8-8B4A-11D0-8D11-00A0C91BC942}") = "27字符串的排列", "27字符串的排列\27字符串的排列.vcxproj", "{FB27BCA1-067E-4EC7-ADAB-F554CA698540}"
EndProject
Project("{8BC9CEB8-8B4A-11D0-8D11-00A0C91BC942}") = "28数组中出现次数超过一半的数字", "28数组中出现次数超过一半的数字\28数组中出现次数超过一半的数字.vcxproj", "{5458B343-0CE4-47D8-8A4F-1D26CD6FB342}"
EndProject
Project("{8BC9CEB8-8B4A-11D0-8D11-00A0C91BC942}") = "排序专题", "排序专题\排序专题.vcxproj", "{87605198-0FF0-46BE-A98B-AAA915B628FB}"
EndProject
Project("{8BC9CEB8-8B4A-11D0-8D11-00A0C91BC942}") = "29最小的k个数", "29最小的k个数\29最小的k个数.vcxproj", "{A4735BDE-CF4E-4B78-B821-F231669A4B5E}"
EndProject
Project("{8BC9CEB8-8B4A-11D0-8D11-00A0C91BC942}") = "30连续子数组的最大和", "30连续子数组的最大和\30连续子数组的最大和.vcxproj", "{5C4EED3C-7645-430A-89D6-54A7AA5E4600}"
EndProject
Project("{8BC9CEB8-8B4A-11D0-8D11-00A0C91BC942}") = "动态规划01背包", "动态规划01背包\动态规划01背包.vcxproj", "{C633428B-0311-4716-B7DE-5736962F011F}"
EndProject
Project("{8BC9CEB8-8B4A-11D0-8D11-00A0C91BC942}") = "31整数中1出现的次数", "31整数中1出现的次数\31整数中1出现的次数.vcxproj", "{0E6AB626-C5F1-4250-86AD-60838AFF994C}"
EndProject
Project("{8BC9CEB8-8B4A-11D0-8D11-00A0C91BC942}") = "32把数组排成最小的数", "32把数组排成最小的数\32把数组排成最小的数.vcxproj", "{E206A50F-BB51-4B85-A733-D2C21C3E0A3C}"
EndProject
Project("{8BC9CEB8-8B4A-11D0-8D11-00A0C91BC942}") = "33丑数", "33丑数\33丑数.vcxproj", "{D9E03227-C885-4B37-B6C3-40A5504E0D53}"
EndProject
Project("{8BC9CEB8-8B4A-11D0-8D11-00A0C91BC942}") = "34第一个只出现一次的字符", "34第一个只出现一次的字符\34第一个只出现一次的字符.vcxproj", "{0E3C1BAF-8A75-4BDA-90BE-5AE8B9CDF2EE}"
EndProject
Project("{8BC9CEB8-8B4A-11D0-8D11-00A0C91BC942}") = "35数组中的逆序对", "35数组中的逆序对\35数组中的逆序对.vcxproj", "{64449132-CDEF-4C7C-B567-BEBF4A8BD050}"
EndProject
Project("{8BC9CEB8-8B4A-11D0-8D11-00A0C91BC942}") = "排列组合", "排列组合\排列组合.vcxproj", "{D929CC5E-8AF8-46BA-88F2-4DCBE83E5714}"
EndProject
Project("{8BC9CEB8-8B4A-11D0-8D11-00A0C91BC942}") = "36两个链表的第一个公共节点", "36两个链表的第一个公共节点\36两个链表的第一个公共节点.vcxproj", "{63EBB7AC-DC11-40B3-81DA-31D5323E20A1}"
EndProject
Project("{8BC9CEB8-8B4A-11D0-8D11-00A0C91BC942}") = "37数字在排序数组中出现的次数", "37数字在排序数组中出现的次数\37数字在排序数组中出现的次数.vcxproj", "{66550CEF-BF90-4AEB-A9EF-A84FF738CB4D}"
EndProject
Project("{8BC9CEB8-8B4A-11D0-8D11-00A0C91BC942}") = "38二叉树的深度", "38二叉树的深度\38二叉树的深度.vcxproj", "{9095C1A2-42FB-4199-98AC-892A1889BA7C}"
EndProject
Project("{8BC9CEB8-8B4A-11D0-8D11-00A0C91BC942}") = "39平衡二叉树", "39平衡二叉树\39平衡二叉树.vcxproj", "{29EA6BA8-5AC7-48CE-B869-6CE70CAEC398}"
EndProject
Project("{8BC9CEB8-8B4A-11D0-8D11-00A0C91BC942}") = "二叉查找树实现", "二叉查找树实现\二叉查找树实现.vcxproj", "{0A06AC8A-87E7-402C-81C0-75B5ACB9B6C1}"
EndProject
Project("{8BC9CEB8-8B4A-11D0-8D11-00A0C91BC942}") = "40数组中只出现一次的数字", "40数组中只出现一次的数字\40数组中只出现一次的数字.vcxproj", "{E0133B7C-1F31-4BEF-B1D2-512ED9DD5584}"
EndProject
Project("{8BC9CEB8-8B4A-11D0-8D11-00A0C91BC942}") = "41和为S的连续正数序列", "41和为S的连续正数序列\41和为S的连续正数序列.vcxproj", "{40C9B097-D6EB-4B58-950B-1B7590611945}"
EndProject
Project("{8BC9CEB8-8B4A-11D0-8D11-00A0C91BC942}") = "42和为S的两个数字", "42和为S的两个数字\42和为S的两个数字.vcxproj", "{5C630955-F622-4DB8-AB3F-BF1C08F6A06B}"
EndProject
Project("{8BC9CEB8-8B4A-11D0-8D11-00A0C91BC942}") = "43坐旋转字符串", "43坐旋转字符串\43坐旋转字符串.vcxproj", "{82843361-EA1E-47C5-B99E-6B02A42C18CF}"
EndProject
Project("{8BC9CEB8-8B4A-11D0-8D11-00A0C91BC942}") = "44翻转单词序列", "44翻转单词序列\44翻转单词序列.vcxproj", "{EA65A4A4-264A-435A-8A84-C2F641AD4F6E}"
EndProject
Project("{8BC9CEB8-8B4A-11D0-8D11-00A0C91BC942}") = "KMP算法", "KMP算法\KMP算法.vcxproj", "{737E2753-3A9E-4B05-9095-8F04947FDFAD}"
EndProject
Project("{8BC9CEB8-8B4A-11D0-8D11-00A0C91BC942}") = "45扑克牌顺子", "45扑克牌顺子\45扑克牌顺子.vcxproj", "{1FAC66DE-BFF2-4E26-93CF-9A2B19435BFF}"
EndProject
Project("{8BC9CEB8-8B4A-11D0-8D11-00A0C91BC942}") = "46圆圈中最后剩下的数（约瑟夫环）", "46圆圈中最后剩下的数\46圆圈中最后剩下的数.vcxproj", "{79288444-52D6-4066-9461-402E105C89D6}"
EndProject
Project("{8BC9CEB8-8B4A-11D0-8D11-00A0C91BC942}") = "47求1+2+...+n", "47求1+2+...+n\47求1+2+...+n.vcxproj", "{97320694-AB9B-4C59-B23B-F683260EC9F9}"
EndProject
Project("{8BC9CEB8-8B4A-11D0-8D11-00A0C91BC942}") = "48不用加减乘除做加法", "48不用加减乘除做加法\48不用加减乘除做加法.vcxproj", "{AE491E41-12CD-4D6D-88C5-7E6D5A6DBC56}"
EndProject
Project("{8BC9CEB8-8B4A-11D0-8D11-00A0C91BC942}") = "49把字符串转换成整数", "49把字符串转换成整数\49把字符串转换成整数.vcxproj", "{5BB2C900-F3FF-4A47-8CD8-6D12E8B2475A}"
EndProject
Project("{8BC9CEB8-8B4A-11D0-8D11-00A0C91BC942}") = "50数组中重复的数字", "50数组中重复的数字\50数组中重复的数字.vcxproj", "{D2E0F11F-F2F1-400B-B1D4-60A8F877F0B1}"
EndProject
Project("{8BC9CEB8-8B4A-11D0-8D11-00A0C91BC942}") = "51构建乘积数组", "51构建乘积数组\51构建乘积数组.vcxproj", "{E0DD23E2-F5C3-4F05-9093-BC6B9BEBA516}"
EndProject
Project("{8BC9CEB8-8B4A-11D0-8D11-00A0C91BC942}") = "52正则表达式匹配", "52正则表达式匹配\52正则表达式匹配.vcxproj", "{BA37C535-FE97-496B-B0DE-4D65AE1E02C2}"
EndProject
Project("{8BC9CEB8-8B4A-11D0-8D11-00A0C91BC942}") = "53表示数值的字符串", "53表示数值的字符串\53表示数值的字符串.vcxproj", "{69D08922-1714-4BF4-8DFF-A11FCDD31067}"
EndProject
Project("{8BC9CEB8-8B4A-11D0-8D11-00A0C91BC942}") = "54字符流中第一个不重复的字符", "54字符流中第一个不重复的字符\54字符流中第一个不重复的字符.vcxproj", "{495C5A92-A24B-4D4B-BC53-AF7576F5299E}"
EndProject
Project("{8BC9CEB8-8B4A-11D0-8D11-00A0C91BC942}") = "55链表中环的入口节点", "55链表中环的入口节点\55链表中环的入口节点.vcxproj", "{F2243E93-41B4-4FF2-80F8-42607BFA07D4}"
EndProject
Project("{8BC9CEB8-8B4A-11D0-8D11-00A0C91BC942}") = "56删除链表中重复的节点", "56删除链表中重复的节点\56删除链表中重复的节点.vcxproj", "{7DB45ACE-E7D2-4ABE-B29C-184C964AC939}"
EndProject
Project("{8BC9CEB8-8B4A-11D0-8D11-00A0C91BC942}") = "57二叉树的下一个节点", "57二叉树的下一个节点\57二叉树的下一个节点.vcxproj", "{AA991D66-D90D-41D7-B83E-75C9DF1B0F09}"
EndProject
Project("{8BC9CEB8-8B4A-11D0-8D11-00A0C91BC942}") = "58对称的二叉树", "58\58.vcxproj", "{62CB8433-C279-40CA-86C2-6A39A37B9EC7}"
EndProject
Project("{8BC9CEB8-8B4A-11D0-8D11-00A0C91BC942}") = "59按之字形顺序打印二叉树", "59按之字形顺序打印二叉树\59按之字形顺序打印二叉树.vcxproj", "{F783D37F-79C1-44ED-BDFE-0BD460D6F9C6}"
EndProject
Project("{8BC9CEB8-8B4A-11D0-8D11-00A0C91BC942}") = "60把二叉树打印成多行", "60把二叉树打印成多行\60把二叉树打印成多行.vcxproj", "{C31AD198-B795-481D-9CE7-AF1450DC9118}"
EndProject
Project("{8BC9CEB8-8B4A-11D0-8D11-00A0C91BC942}") = "61序列化二叉树", "61序列化二叉树\61序列化二叉树.vcxproj", "{10FB0C28-6B36-46F8-BC50-DA1ADBBB2975}"
EndProject
Project("{8BC9CEB8-8B4A-11D0-8D11-00A0C91BC942}") = "65矩阵中的路径", "65矩阵中的路径\65矩阵中的路径.vcxproj", "{64ED0D6F-21FD-4A70-88F0-617888F8DCD0}"
EndProject
Project("{8BC9CEB8-8B4A-11D0-8D11-00A0C91BC942}") = "62二叉搜索树第k小的节点", "62二叉搜索树第k小的节点\62二叉搜索树第k小的节点.vcxproj", "{71477D7A-A567-4B7B-8D0B-C382B74A5307}"
EndProject
Project("{8BC9CEB8-8B4A-11D0-8D11-00A0C91BC942}") = "63数据流中的中位数", "63数据流中的中位数\63数据流中的中位数.vcxproj", "{266F71BA-9506-4ED1-90BB-55DD99BA3B97}"
EndProject
Project("{8BC9CEB8-8B4A-11D0-8D11-00A0C91BC942}") = "64滑动窗口的最大值", "64滑动窗口的最大值\64滑动窗口的最大值.vcxproj", "{3B215035-4E5D-440A-8B9C-C626EC8C52E6}"
EndProject
Project("{8BC9CEB8-8B4A-11D0-8D11-00A0C91BC942}") = "66机器人的运动范围", "65机器人的运动范围\65机器人的运动范围.vcxproj", "{578AD1E2-8ED0-4A10-B25E-9234B2BD3181}"
EndProject
Project("{8BC9CEB8-8B4A-11D0-8D11-00A0C91BC942}") = "leetcode", "leetcode\leetcode.vcxproj", "{3EF46868-D5A3-4AFA-A969-C83786793B36}"
EndProject
Project("{8BC9CEB8-8B4A-11D0-8D11-00A0C91BC942}") = "电话归属地查询（网易游戏笔试题）", "电话归属地查询（网易游戏笔试题）\电话归属地查询（网易游戏笔试题）.vcxproj", "{BE603031-DED0-40F4-A6E5-0F4CFBECA998}"
EndProject
Project("{8BC9CEB8-8B4A-11D0-8D11-00A0C91BC942}") = "最长重复字符串（华为笔试题）", "最长重复字符串（华为笔试题）\最长重复字符串（华为笔试题）.vcxproj", "{B11908E9-CA66-41B6-B396-C0421BEA4305}"
EndProject
Project("{8BC9CEB8-8B4A-11D0-8D11-00A0C91BC942}") = "大数乘法（360笔试）", "大数乘法（360笔试）\大数乘法（360笔试）.vcxproj", "{E5245EC7-5B08-4FF4-B176-4208C8C65639}"
EndProject
Project("{8BC9CEB8-8B4A-11D0-8D11-00A0C91BC942}") = "字符串函数实现", "字符串函数实现\字符串函数实现.vcxproj", "{FC4CB855-E893-413D-B1C3-2A3C53D78ABB}"
EndProject
Global
	GlobalSection(SolutionConfigurationPlatforms) = preSolution
		Debug|Win32 = Debug|Win32
		Release|Win32 = Release|Win32
	EndGlobalSection
	GlobalSection(ProjectConfigurationPlatforms) = postSolution
		{B86FB0D9-44A8-4DE0-8FB6-AFB338AEB7A1}.Debug|Win32.ActiveCfg = Debug|Win32
		{B86FB0D9-44A8-4DE0-8FB6-AFB338AEB7A1}.Debug|Win32.Build.0 = Debug|Win32
		{B86FB0D9-44A8-4DE0-8FB6-AFB338AEB7A1}.Release|Win32.ActiveCfg = Release|Win32
		{B86FB0D9-44A8-4DE0-8FB6-AFB338AEB7A1}.Release|Win32.Build.0 = Release|Win32
		{4288704C-0F34-4B97-8954-65E32E765BC8}.Debug|Win32.ActiveCfg = Debug|Win32
		{4288704C-0F34-4B97-8954-65E32E765BC8}.Debug|Win32.Build.0 = Debug|Win32
		{4288704C-0F34-4B97-8954-65E32E765BC8}.Release|Win32.ActiveCfg = Release|Win32
		{4288704C-0F34-4B97-8954-65E32E765BC8}.Release|Win32.Build.0 = Release|Win32
		{BDA344FE-32E1-4DFD-8DB1-28C8FFBD1ED9}.Debug|Win32.ActiveCfg = Debug|Win32
		{BDA344FE-32E1-4DFD-8DB1-28C8FFBD1ED9}.Debug|Win32.Build.0 = Debug|Win32
		{BDA344FE-32E1-4DFD-8DB1-28C8FFBD1ED9}.Release|Win32.ActiveCfg = Release|Win32
		{BDA344FE-32E1-4DFD-8DB1-28C8FFBD1ED9}.Release|Win32.Build.0 = Release|Win32
		{3A6B1505-72CE-45E5-9AB7-399D94E61438}.Debug|Win32.ActiveCfg = Debug|Win32
		{3A6B1505-72CE-45E5-9AB7-399D94E61438}.Debug|Win32.Build.0 = Debug|Win32
		{3A6B1505-72CE-45E5-9AB7-399D94E61438}.Release|Win32.ActiveCfg = Release|Win32
		{3A6B1505-72CE-45E5-9AB7-399D94E61438}.Release|Win32.Build.0 = Release|Win32
		{CDEE239B-6905-466C-817F-D364FECEE0E0}.Debug|Win32.ActiveCfg = Debug|Win32
		{CDEE239B-6905-466C-817F-D364FECEE0E0}.Debug|Win32.Build.0 = Debug|Win32
		{CDEE239B-6905-466C-817F-D364FECEE0E0}.Release|Win32.ActiveCfg = Release|Win32
		{CDEE239B-6905-466C-817F-D364FECEE0E0}.Release|Win32.Build.0 = Release|Win32
		{D19F347D-55F6-46D7-BE2D-61DDA17BE6A3}.Debug|Win32.ActiveCfg = Debug|Win32
		{D19F347D-55F6-46D7-BE2D-61DDA17BE6A3}.Debug|Win32.Build.0 = Debug|Win32
		{D19F347D-55F6-46D7-BE2D-61DDA17BE6A3}.Release|Win32.ActiveCfg = Release|Win32
		{D19F347D-55F6-46D7-BE2D-61DDA17BE6A3}.Release|Win32.Build.0 = Release|Win32
		{4EFD50CC-8BFD-436F-B182-CE3E3057BE45}.Debug|Win32.ActiveCfg = Debug|Win32
		{4EFD50CC-8BFD-436F-B182-CE3E3057BE45}.Debug|Win32.Build.0 = Debug|Win32
		{4EFD50CC-8BFD-436F-B182-CE3E3057BE45}.Release|Win32.ActiveCfg = Release|Win32
		{4EFD50CC-8BFD-436F-B182-CE3E3057BE45}.Release|Win32.Build.0 = Release|Win32
		{934DF3AA-48A1-4686-98C2-D7326DC4F629}.Debug|Win32.ActiveCfg = Debug|Win32
		{934DF3AA-48A1-4686-98C2-D7326DC4F629}.Debug|Win32.Build.0 = Debug|Win32
		{934DF3AA-48A1-4686-98C2-D7326DC4F629}.Release|Win32.ActiveCfg = Release|Win32
		{934DF3AA-48A1-4686-98C2-D7326DC4F629}.Release|Win32.Build.0 = Release|Win32
		{819EF28D-0F9D-48F8-B4B5-7A8D4F77F1A3}.Debug|Win32.ActiveCfg = Debug|Win32
		{819EF28D-0F9D-48F8-B4B5-7A8D4F77F1A3}.Debug|Win32.Build.0 = Debug|Win32
		{819EF28D-0F9D-48F8-B4B5-7A8D4F77F1A3}.Release|Win32.ActiveCfg = Release|Win32
		{819EF28D-0F9D-48F8-B4B5-7A8D4F77F1A3}.Release|Win32.Build.0 = Release|Win32
		{37FCD729-0AD4-4798-B926-C6F8323F677B}.Debug|Win32.ActiveCfg = Debug|Win32
		{37FCD729-0AD4-4798-B926-C6F8323F677B}.Debug|Win32.Build.0 = Debug|Win32
		{37FCD729-0AD4-4798-B926-C6F8323F677B}.Release|Win32.ActiveCfg = Release|Win32
		{37FCD729-0AD4-4798-B926-C6F8323F677B}.Release|Win32.Build.0 = Release|Win32
		{CE3E37F4-2449-4416-BD0B-0F5DECCFF9B7}.Debug|Win32.ActiveCfg = Debug|Win32
		{CE3E37F4-2449-4416-BD0B-0F5DECCFF9B7}.Debug|Win32.Build.0 = Debug|Win32
		{CE3E37F4-2449-4416-BD0B-0F5DECCFF9B7}.Release|Win32.ActiveCfg = Release|Win32
		{CE3E37F4-2449-4416-BD0B-0F5DECCFF9B7}.Release|Win32.Build.0 = Release|Win32
		{4B4FC87B-3032-4277-85E8-D0225DD423C5}.Debug|Win32.ActiveCfg = Debug|Win32
		{4B4FC87B-3032-4277-85E8-D0225DD423C5}.Debug|Win32.Build.0 = Debug|Win32
		{4B4FC87B-3032-4277-85E8-D0225DD423C5}.Release|Win32.ActiveCfg = Release|Win32
		{4B4FC87B-3032-4277-85E8-D0225DD423C5}.Release|Win32.Build.0 = Release|Win32
		{31D75C93-DA7F-430F-B663-0592D9A90ED3}.Debug|Win32.ActiveCfg = Debug|Win32
		{31D75C93-DA7F-430F-B663-0592D9A90ED3}.Debug|Win32.Build.0 = Debug|Win32
		{31D75C93-DA7F-430F-B663-0592D9A90ED3}.Release|Win32.ActiveCfg = Release|Win32
		{31D75C93-DA7F-430F-B663-0592D9A90ED3}.Release|Win32.Build.0 = Release|Win32
		{038BB503-D0C3-4EF5-B578-A2F5AFA7A0AC}.Debug|Win32.ActiveCfg = Debug|Win32
		{038BB503-D0C3-4EF5-B578-A2F5AFA7A0AC}.Debug|Win32.Build.0 = Debug|Win32
		{038BB503-D0C3-4EF5-B578-A2F5AFA7A0AC}.Release|Win32.ActiveCfg = Release|Win32
		{038BB503-D0C3-4EF5-B578-A2F5AFA7A0AC}.Release|Win32.Build.0 = Release|Win32
		{EF614D97-65F6-430F-ACF8-C972275F9C5C}.Debug|Win32.ActiveCfg = Debug|Win32
		{EF614D97-65F6-430F-ACF8-C972275F9C5C}.Debug|Win32.Build.0 = Debug|Win32
		{EF614D97-65F6-430F-ACF8-C972275F9C5C}.Release|Win32.ActiveCfg = Release|Win32
		{EF614D97-65F6-430F-ACF8-C972275F9C5C}.Release|Win32.Build.0 = Release|Win32
		{969E30E4-E53B-4DA2-9945-0A186A30B1B9}.Debug|Win32.ActiveCfg = Debug|Win32
		{969E30E4-E53B-4DA2-9945-0A186A30B1B9}.Debug|Win32.Build.0 = Debug|Win32
		{969E30E4-E53B-4DA2-9945-0A186A30B1B9}.Release|Win32.ActiveCfg = Release|Win32
		{969E30E4-E53B-4DA2-9945-0A186A30B1B9}.Release|Win32.Build.0 = Release|Win32
		{FE61C800-E36A-4736-9D82-5B5FB3B7481D}.Debug|Win32.ActiveCfg = Debug|Win32
		{FE61C800-E36A-4736-9D82-5B5FB3B7481D}.Debug|Win32.Build.0 = Debug|Win32
		{FE61C800-E36A-4736-9D82-5B5FB3B7481D}.Release|Win32.ActiveCfg = Release|Win32
		{FE61C800-E36A-4736-9D82-5B5FB3B7481D}.Release|Win32.Build.0 = Release|Win32
		{3255D6C1-7CC2-4556-949A-25DECA94D316}.Debug|Win32.ActiveCfg = Debug|Win32
		{3255D6C1-7CC2-4556-949A-25DECA94D316}.Debug|Win32.Build.0 = Debug|Win32
		{3255D6C1-7CC2-4556-949A-25DECA94D316}.Release|Win32.ActiveCfg = Release|Win32
		{3255D6C1-7CC2-4556-949A-25DECA94D316}.Release|Win32.Build.0 = Release|Win32
		{F618E0D8-A25E-4749-88A7-C8FA53F8796D}.Debug|Win32.ActiveCfg = Debug|Win32
		{F618E0D8-A25E-4749-88A7-C8FA53F8796D}.Debug|Win32.Build.0 = Debug|Win32
		{F618E0D8-A25E-4749-88A7-C8FA53F8796D}.Release|Win32.ActiveCfg = Release|Win32
		{F618E0D8-A25E-4749-88A7-C8FA53F8796D}.Release|Win32.Build.0 = Release|Win32
		{F9C4C603-ED7C-4588-9B8A-6FD84B29B6BB}.Debug|Win32.ActiveCfg = Debug|Win32
		{F9C4C603-ED7C-4588-9B8A-6FD84B29B6BB}.Debug|Win32.Build.0 = Debug|Win32
		{F9C4C603-ED7C-4588-9B8A-6FD84B29B6BB}.Release|Win32.ActiveCfg = Release|Win32
		{F9C4C603-ED7C-4588-9B8A-6FD84B29B6BB}.Release|Win32.Build.0 = Release|Win32
		{C49ED09E-8C74-4F09-AC5C-DA2B5EE55327}.Debug|Win32.ActiveCfg = Debug|Win32
		{C49ED09E-8C74-4F09-AC5C-DA2B5EE55327}.Debug|Win32.Build.0 = Debug|Win32
		{C49ED09E-8C74-4F09-AC5C-DA2B5EE55327}.Release|Win32.ActiveCfg = Release|Win32
		{C49ED09E-8C74-4F09-AC5C-DA2B5EE55327}.Release|Win32.Build.0 = Release|Win32
		{F8ED3BFD-7F6D-4CDD-962A-9B19192B486C}.Debug|Win32.ActiveCfg = Debug|Win32
		{F8ED3BFD-7F6D-4CDD-962A-9B19192B486C}.Debug|Win32.Build.0 = Debug|Win32
		{F8ED3BFD-7F6D-4CDD-962A-9B19192B486C}.Release|Win32.ActiveCfg = Release|Win32
		{F8ED3BFD-7F6D-4CDD-962A-9B19192B486C}.Release|Win32.Build.0 = Release|Win32
		{641357D8-9101-4EAF-AB47-24772C48DA3B}.Debug|Win32.ActiveCfg = Debug|Win32
		{641357D8-9101-4EAF-AB47-24772C48DA3B}.Debug|Win32.Build.0 = Debug|Win32
		{641357D8-9101-4EAF-AB47-24772C48DA3B}.Release|Win32.ActiveCfg = Release|Win32
		{641357D8-9101-4EAF-AB47-24772C48DA3B}.Release|Win32.Build.0 = Release|Win32
		{191600E1-99BA-4A48-BD16-712B8A130A08}.Debug|Win32.ActiveCfg = Debug|Win32
		{191600E1-99BA-4A48-BD16-712B8A130A08}.Debug|Win32.Build.0 = Debug|Win32
		{191600E1-99BA-4A48-BD16-712B8A130A08}.Release|Win32.ActiveCfg = Release|Win32
		{191600E1-99BA-4A48-BD16-712B8A130A08}.Release|Win32.Build.0 = Release|Win32
		{8F385EEF-94D4-42B4-B1EB-D1ECE6F345B5}.Debug|Win32.ActiveCfg = Debug|Win32
		{8F385EEF-94D4-42B4-B1EB-D1ECE6F345B5}.Debug|Win32.Build.0 = Debug|Win32
		{8F385EEF-94D4-42B4-B1EB-D1ECE6F345B5}.Release|Win32.ActiveCfg = Release|Win32
		{8F385EEF-94D4-42B4-B1EB-D1ECE6F345B5}.Release|Win32.Build.0 = Release|Win32
		{D77AE324-E5E2-46FE-B41B-D55A794852A6}.Debug|Win32.ActiveCfg = Debug|Win32
		{D77AE324-E5E2-46FE-B41B-D55A794852A6}.Debug|Win32.Build.0 = Debug|Win32
		{D77AE324-E5E2-46FE-B41B-D55A794852A6}.Release|Win32.ActiveCfg = Release|Win32
		{D77AE324-E5E2-46FE-B41B-D55A794852A6}.Release|Win32.Build.0 = Release|Win32
		{59B8200B-249A-4886-8AA6-75BAF71EB87B}.Debug|Win32.ActiveCfg = Debug|Win32
		{59B8200B-249A-4886-8AA6-75BAF71EB87B}.Debug|Win32.Build.0 = Debug|Win32
		{59B8200B-249A-4886-8AA6-75BAF71EB87B}.Release|Win32.ActiveCfg = Release|Win32
		{59B8200B-249A-4886-8AA6-75BAF71EB87B}.Release|Win32.Build.0 = Release|Win32
		{FB27BCA1-067E-4EC7-ADAB-F554CA698540}.Debug|Win32.ActiveCfg = Debug|Win32
		{FB27BCA1-067E-4EC7-ADAB-F554CA698540}.Debug|Win32.Build.0 = Debug|Win32
		{FB27BCA1-067E-4EC7-ADAB-F554CA698540}.Release|Win32.ActiveCfg = Release|Win32
		{FB27BCA1-067E-4EC7-ADAB-F554CA698540}.Release|Win32.Build.0 = Release|Win32
		{5458B343-0CE4-47D8-8A4F-1D26CD6FB342}.Debug|Win32.ActiveCfg = Debug|Win32
		{5458B343-0CE4-47D8-8A4F-1D26CD6FB342}.Debug|Win32.Build.0 = Debug|Win32
		{5458B343-0CE4-47D8-8A4F-1D26CD6FB342}.Release|Win32.ActiveCfg = Release|Win32
		{5458B343-0CE4-47D8-8A4F-1D26CD6FB342}.Release|Win32.Build.0 = Release|Win32
		{87605198-0FF0-46BE-A98B-AAA915B628FB}.Debug|Win32.ActiveCfg = Debug|Win32
		{87605198-0FF0-46BE-A98B-AAA915B628FB}.Debug|Win32.Build.0 = Debug|Win32
		{87605198-0FF0-46BE-A98B-AAA915B628FB}.Release|Win32.ActiveCfg = Release|Win32
		{87605198-0FF0-46BE-A98B-AAA915B628FB}.Release|Win32.Build.0 = Release|Win32
		{A4735BDE-CF4E-4B78-B821-F231669A4B5E}.Debug|Win32.ActiveCfg = Debug|Win32
		{A4735BDE-CF4E-4B78-B821-F231669A4B5E}.Debug|Win32.Build.0 = Debug|Win32
		{A4735BDE-CF4E-4B78-B821-F231669A4B5E}.Release|Win32.ActiveCfg = Release|Win32
		{A4735BDE-CF4E-4B78-B821-F231669A4B5E}.Release|Win32.Build.0 = Release|Win32
		{5C4EED3C-7645-430A-89D6-54A7AA5E4600}.Debug|Win32.ActiveCfg = Debug|Win32
		{5C4EED3C-7645-430A-89D6-54A7AA5E4600}.Debug|Win32.Build.0 = Debug|Win32
		{5C4EED3C-7645-430A-89D6-54A7AA5E4600}.Release|Win32.ActiveCfg = Release|Win32
		{5C4EED3C-7645-430A-89D6-54A7AA5E4600}.Release|Win32.Build.0 = Release|Win32
		{C633428B-0311-4716-B7DE-5736962F011F}.Debug|Win32.ActiveCfg = Debug|Win32
		{C633428B-0311-4716-B7DE-5736962F011F}.Debug|Win32.Build.0 = Debug|Win32
		{C633428B-0311-4716-B7DE-5736962F011F}.Release|Win32.ActiveCfg = Release|Win32
		{C633428B-0311-4716-B7DE-5736962F011F}.Release|Win32.Build.0 = Release|Win32
		{0E6AB626-C5F1-4250-86AD-60838AFF994C}.Debug|Win32.ActiveCfg = Debug|Win32
		{0E6AB626-C5F1-4250-86AD-60838AFF994C}.Debug|Win32.Build.0 = Debug|Win32
		{0E6AB626-C5F1-4250-86AD-60838AFF994C}.Release|Win32.ActiveCfg = Release|Win32
		{0E6AB626-C5F1-4250-86AD-60838AFF994C}.Release|Win32.Build.0 = Release|Win32
		{E206A50F-BB51-4B85-A733-D2C21C3E0A3C}.Debug|Win32.ActiveCfg = Debug|Win32
		{E206A50F-BB51-4B85-A733-D2C21C3E0A3C}.Debug|Win32.Build.0 = Debug|Win32
		{E206A50F-BB51-4B85-A733-D2C21C3E0A3C}.Release|Win32.ActiveCfg = Release|Win32
		{E206A50F-BB51-4B85-A733-D2C21C3E0A3C}.Release|Win32.Build.0 = Release|Win32
		{D9E03227-C885-4B37-B6C3-40A5504E0D53}.Debug|Win32.ActiveCfg = Debug|Win32
		{D9E03227-C885-4B37-B6C3-40A5504E0D53}.Debug|Win32.Build.0 = Debug|Win32
		{D9E03227-C885-4B37-B6C3-40A5504E0D53}.Release|Win32.ActiveCfg = Release|Win32
		{D9E03227-C885-4B37-B6C3-40A5504E0D53}.Release|Win32.Build.0 = Release|Win32
		{0E3C1BAF-8A75-4BDA-90BE-5AE8B9CDF2EE}.Debug|Win32.ActiveCfg = Debug|Win32
		{0E3C1BAF-8A75-4BDA-90BE-5AE8B9CDF2EE}.Debug|Win32.Build.0 = Debug|Win32
		{0E3C1BAF-8A75-4BDA-90BE-5AE8B9CDF2EE}.Release|Win32.ActiveCfg = Release|Win32
		{0E3C1BAF-8A75-4BDA-90BE-5AE8B9CDF2EE}.Release|Win32.Build.0 = Release|Win32
		{64449132-CDEF-4C7C-B567-BEBF4A8BD050}.Debug|Win32.ActiveCfg = Debug|Win32
		{64449132-CDEF-4C7C-B567-BEBF4A8BD050}.Debug|Win32.Build.0 = Debug|Win32
		{64449132-CDEF-4C7C-B567-BEBF4A8BD050}.Release|Win32.ActiveCfg = Release|Win32
		{64449132-CDEF-4C7C-B567-BEBF4A8BD050}.Release|Win32.Build.0 = Release|Win32
		{D929CC5E-8AF8-46BA-88F2-4DCBE83E5714}.Debug|Win32.ActiveCfg = Debug|Win32
		{D929CC5E-8AF8-46BA-88F2-4DCBE83E5714}.Debug|Win32.Build.0 = Debug|Win32
		{D929CC5E-8AF8-46BA-88F2-4DCBE83E5714}.Release|Win32.ActiveCfg = Release|Win32
		{D929CC5E-8AF8-46BA-88F2-4DCBE83E5714}.Release|Win32.Build.0 = Release|Win32
		{63EBB7AC-DC11-40B3-81DA-31D5323E20A1}.Debug|Win32.ActiveCfg = Debug|Win32
		{63EBB7AC-DC11-40B3-81DA-31D5323E20A1}.Debug|Win32.Build.0 = Debug|Win32
		{63EBB7AC-DC11-40B3-81DA-31D5323E20A1}.Release|Win32.ActiveCfg = Release|Win32
		{63EBB7AC-DC11-40B3-81DA-31D5323E20A1}.Release|Win32.Build.0 = Release|Win32
		{66550CEF-BF90-4AEB-A9EF-A84FF738CB4D}.Debug|Win32.ActiveCfg = Debug|Win32
		{66550CEF-BF90-4AEB-A9EF-A84FF738CB4D}.Debug|Win32.Build.0 = Debug|Win32
		{66550CEF-BF90-4AEB-A9EF-A84FF738CB4D}.Release|Win32.ActiveCfg = Release|Win32
		{66550CEF-BF90-4AEB-A9EF-A84FF738CB4D}.Release|Win32.Build.0 = Release|Win32
		{9095C1A2-42FB-4199-98AC-892A1889BA7C}.Debug|Win32.ActiveCfg = Debug|Win32
		{9095C1A2-42FB-4199-98AC-892A1889BA7C}.Debug|Win32.Build.0 = Debug|Win32
		{9095C1A2-42FB-4199-98AC-892A1889BA7C}.Release|Win32.ActiveCfg = Release|Win32
		{9095C1A2-42FB-4199-98AC-892A1889BA7C}.Release|Win32.Build.0 = Release|Win32
		{29EA6BA8-5AC7-48CE-B869-6CE70CAEC398}.Debug|Win32.ActiveCfg = Debug|Win32
		{29EA6BA8-5AC7-48CE-B869-6CE70CAEC398}.Debug|Win32.Build.0 = Debug|Win32
		{29EA6BA8-5AC7-48CE-B869-6CE70CAEC398}.Release|Win32.ActiveCfg = Release|Win32
		{29EA6BA8-5AC7-48CE-B869-6CE70CAEC398}.Release|Win32.Build.0 = Release|Win32
		{0A06AC8A-87E7-402C-81C0-75B5ACB9B6C1}.Debug|Win32.ActiveCfg = Debug|Win32
		{0A06AC8A-87E7-402C-81C0-75B5ACB9B6C1}.Debug|Win32.Build.0 = Debug|Win32
		{0A06AC8A-87E7-402C-81C0-75B5ACB9B6C1}.Release|Win32.ActiveCfg = Release|Win32
		{0A06AC8A-87E7-402C-81C0-75B5ACB9B6C1}.Release|Win32.Build.0 = Release|Win32
		{E0133B7C-1F31-4BEF-B1D2-512ED9DD5584}.Debug|Win32.ActiveCfg = Debug|Win32
		{E0133B7C-1F31-4BEF-B1D2-512ED9DD5584}.Debug|Win32.Build.0 = Debug|Win32
		{E0133B7C-1F31-4BEF-B1D2-512ED9DD5584}.Release|Win32.ActiveCfg = Release|Win32
		{E0133B7C-1F31-4BEF-B1D2-512ED9DD5584}.Release|Win32.Build.0 = Release|Win32
		{40C9B097-D6EB-4B58-950B-1B7590611945}.Debug|Win32.ActiveCfg = Debug|Win32
		{40C9B097-D6EB-4B58-950B-1B7590611945}.Debug|Win32.Build.0 = Debug|Win32
		{40C9B097-D6EB-4B58-950B-1B7590611945}.Release|Win32.ActiveCfg = Release|Win32
		{40C9B097-D6EB-4B58-950B-1B7590611945}.Release|Win32.Build.0 = Release|Win32
		{5C630955-F622-4DB8-AB3F-BF1C08F6A06B}.Debug|Win32.ActiveCfg = Debug|Win32
		{5C630955-F622-4DB8-AB3F-BF1C08F6A06B}.Debug|Win32.Build.0 = Debug|Win32
		{5C630955-F622-4DB8-AB3F-BF1C08F6A06B}.Release|Win32.ActiveCfg = Release|Win32
		{5C630955-F622-4DB8-AB3F-BF1C08F6A06B}.Release|Win32.Build.0 = Release|Win32
		{82843361-EA1E-47C5-B99E-6B02A42C18CF}.Debug|Win32.ActiveCfg = Debug|Win32
		{82843361-EA1E-47C5-B99E-6B02A42C18CF}.Debug|Win32.Build.0 = Debug|Win32
		{82843361-EA1E-47C5-B99E-6B02A42C18CF}.Release|Win32.ActiveCfg = Release|Win32
		{82843361-EA1E-47C5-B99E-6B02A42C18CF}.Release|Win32.Build.0 = Release|Win32
		{EA65A4A4-264A-435A-8A84-C2F641AD4F6E}.Debug|Win32.ActiveCfg = Debug|Win32
		{EA65A4A4-264A-435A-8A84-C2F641AD4F6E}.Debug|Win32.Build.0 = Debug|Win32
		{EA65A4A4-264A-435A-8A84-C2F641AD4F6E}.Release|Win32.ActiveCfg = Release|Win32
		{EA65A4A4-264A-435A-8A84-C2F641AD4F6E}.Release|Win32.Build.0 = Release|Win32
		{737E2753-3A9E-4B05-9095-8F04947FDFAD}.Debug|Win32.ActiveCfg = Debug|Win32
		{737E2753-3A9E-4B05-9095-8F04947FDFAD}.Debug|Win32.Build.0 = Debug|Win32
		{737E2753-3A9E-4B05-9095-8F04947FDFAD}.Release|Win32.ActiveCfg = Release|Win32
		{737E2753-3A9E-4B05-9095-8F04947FDFAD}.Release|Win32.Build.0 = Release|Win32
		{1FAC66DE-BFF2-4E26-93CF-9A2B19435BFF}.Debug|Win32.ActiveCfg = Debug|Win32
		{1FAC66DE-BFF2-4E26-93CF-9A2B19435BFF}.Debug|Win32.Build.0 = Debug|Win32
		{1FAC66DE-BFF2-4E26-93CF-9A2B19435BFF}.Release|Win32.ActiveCfg = Release|Win32
		{1FAC66DE-BFF2-4E26-93CF-9A2B19435BFF}.Release|Win32.Build.0 = Release|Win32
		{79288444-52D6-4066-9461-402E105C89D6}.Debug|Win32.ActiveCfg = Debug|Win32
		{79288444-52D6-4066-9461-402E105C89D6}.Debug|Win32.Build.0 = Debug|Win32
		{79288444-52D6-4066-9461-402E105C89D6}.Release|Win32.ActiveCfg = Release|Win32
		{79288444-52D6-4066-9461-402E105C89D6}.Release|Win32.Build.0 = Release|Win32
		{97320694-AB9B-4C59-B23B-F683260EC9F9}.Debug|Win32.ActiveCfg = Debug|Win32
		{97320694-AB9B-4C59-B23B-F683260EC9F9}.Debug|Win32.Build.0 = Debug|Win32
		{97320694-AB9B-4C59-B23B-F683260EC9F9}.Release|Win32.ActiveCfg = Release|Win32
		{97320694-AB9B-4C59-B23B-F683260EC9F9}.Release|Win32.Build.0 = Release|Win32
		{AE491E41-12CD-4D6D-88C5-7E6D5A6DBC56}.Debug|Win32.ActiveCfg = Debug|Win32
		{AE491E41-12CD-4D6D-88C5-7E6D5A6DBC56}.Debug|Win32.Build.0 = Debug|Win32
		{AE491E41-12CD-4D6D-88C5-7E6D5A6DBC56}.Release|Win32.ActiveCfg = Release|Win32
		{AE491E41-12CD-4D6D-88C5-7E6D5A6DBC56}.Release|Win32.Build.0 = Release|Win32
		{5BB2C900-F3FF-4A47-8CD8-6D12E8B2475A}.Debug|Win32.ActiveCfg = Debug|Win32
		{5BB2C900-F3FF-4A47-8CD8-6D12E8B2475A}.Debug|Win32.Build.0 = Debug|Win32
		{5BB2C900-F3FF-4A47-8CD8-6D12E8B2475A}.Release|Win32.ActiveCfg = Release|Win32
		{5BB2C900-F3FF-4A47-8CD8-6D12E8B2475A}.Release|Win32.Build.0 = Release|Win32
		{D2E0F11F-F2F1-400B-B1D4-60A8F877F0B1}.Debug|Win32.ActiveCfg = Debug|Win32
		{D2E0F11F-F2F1-400B-B1D4-60A8F877F0B1}.Debug|Win32.Build.0 = Debug|Win32
		{D2E0F11F-F2F1-400B-B1D4-60A8F877F0B1}.Release|Win32.ActiveCfg = Release|Win32
		{D2E0F11F-F2F1-400B-B1D4-60A8F877F0B1}.Release|Win32.Build.0 = Release|Win32
		{E0DD23E2-F5C3-4F05-9093-BC6B9BEBA516}.Debug|Win32.ActiveCfg = Debug|Win32
		{E0DD23E2-F5C3-4F05-9093-BC6B9BEBA516}.Debug|Win32.Build.0 = Debug|Win32
		{E0DD23E2-F5C3-4F05-9093-BC6B9BEBA516}.Release|Win32.ActiveCfg = Release|Win32
		{E0DD23E2-F5C3-4F05-9093-BC6B9BEBA516}.Release|Win32.Build.0 = Release|Win32
		{BA37C535-FE97-496B-B0DE-4D65AE1E02C2}.Debug|Win32.ActiveCfg = Debug|Win32
		{BA37C535-FE97-496B-B0DE-4D65AE1E02C2}.Debug|Win32.Build.0 = Debug|Win32
		{BA37C535-FE97-496B-B0DE-4D65AE1E02C2}.Release|Win32.ActiveCfg = Release|Win32
		{BA37C535-FE97-496B-B0DE-4D65AE1E02C2}.Release|Win32.Build.0 = Release|Win32
		{69D08922-1714-4BF4-8DFF-A11FCDD31067}.Debug|Win32.ActiveCfg = Debug|Win32
		{69D08922-1714-4BF4-8DFF-A11FCDD31067}.Debug|Win32.Build.0 = Debug|Win32
		{69D08922-1714-4BF4-8DFF-A11FCDD31067}.Release|Win32.ActiveCfg = Release|Win32
		{69D08922-1714-4BF4-8DFF-A11FCDD31067}.Release|Win32.Build.0 = Release|Win32
		{495C5A92-A24B-4D4B-BC53-AF7576F5299E}.Debug|Win32.ActiveCfg = Debug|Win32
		{495C5A92-A24B-4D4B-BC53-AF7576F5299E}.Debug|Win32.Build.0 = Debug|Win32
		{495C5A92-A24B-4D4B-BC53-AF7576F5299E}.Release|Win32.ActiveCfg = Release|Win32
		{495C5A92-A24B-4D4B-BC53-AF7576F5299E}.Release|Win32.Build.0 = Release|Win32
		{F2243E93-41B4-4FF2-80F8-42607BFA07D4}.Debug|Win32.ActiveCfg = Debug|Win32
		{F2243E93-41B4-4FF2-80F8-42607BFA07D4}.Debug|Win32.Build.0 = Debug|Win32
		{F2243E93-41B4-4FF2-80F8-42607BFA07D4}.Release|Win32.ActiveCfg = Release|Win32
		{F2243E93-41B4-4FF2-80F8-42607BFA07D4}.Release|Win32.Build.0 = Release|Win32
		{7DB45ACE-E7D2-4ABE-B29C-184C964AC939}.Debug|Win32.ActiveCfg = Debug|Win32
		{7DB45ACE-E7D2-4ABE-B29C-184C964AC939}.Debug|Win32.Build.0 = Debug|Win32
		{7DB45ACE-E7D2-4ABE-B29C-184C964AC939}.Release|Win32.ActiveCfg = Release|Win32
		{7DB45ACE-E7D2-4ABE-B29C-184C964AC939}.Release|Win32.Build.0 = Release|Win32
		{AA991D66-D90D-41D7-B83E-75C9DF1B0F09}.Debug|Win32.ActiveCfg = Debug|Win32
		{AA991D66-D90D-41D7-B83E-75C9DF1B0F09}.Debug|Win32.Build.0 = Debug|Win32
		{AA991D66-D90D-41D7-B83E-75C9DF1B0F09}.Release|Win32.ActiveCfg = Release|Win32
		{AA991D66-D90D-41D7-B83E-75C9DF1B0F09}.Release|Win32.Build.0 = Release|Win32
		{62CB8433-C279-40CA-86C2-6A39A37B9EC7}.Debug|Win32.ActiveCfg = Debug|Win32
		{62CB8433-C279-40CA-86C2-6A39A37B9EC7}.Debug|Win32.Build.0 = Debug|Win32
		{62CB8433-C279-40CA-86C2-6A39A37B9EC7}.Release|Win32.ActiveCfg = Release|Win32
		{62CB8433-C279-40CA-86C2-6A39A37B9EC7}.Release|Win32.Build.0 = Release|Win32
		{F783D37F-79C1-44ED-BDFE-0BD460D6F9C6}.Debug|Win32.ActiveCfg = Debug|Win32
		{F783D37F-79C1-44ED-BDFE-0BD460D6F9C6}.Debug|Win32.Build.0 = Debug|Win32
		{F783D37F-79C1-44ED-BDFE-0BD460D6F9C6}.Release|Win32.ActiveCfg = Release|Win32
		{F783D37F-79C1-44ED-BDFE-0BD460D6F9C6}.Release|Win32.Build.0 = Release|Win32
		{C31AD198-B795-481D-9CE7-AF1450DC9118}.Debug|Win32.ActiveCfg = Debug|Win32
		{C31AD198-B795-481D-9CE7-AF1450DC9118}.Debug|Win32.Build.0 = Debug|Win32
		{C31AD198-B795-481D-9CE7-AF1450DC9118}.Release|Win32.ActiveCfg = Release|Win32
		{C31AD198-B795-481D-9CE7-AF1450DC9118}.Release|Win32.Build.0 = Release|Win32
		{10FB0C28-6B36-46F8-BC50-DA1ADBBB2975}.Debug|Win32.ActiveCfg = Debug|Win32
		{10FB0C28-6B36-46F8-BC50-DA1ADBBB2975}.Debug|Win32.Build.0 = Debug|Win32
		{10FB0C28-6B36-46F8-BC50-DA1ADBBB2975}.Release|Win32.ActiveCfg = Release|Win32
		{10FB0C28-6B36-46F8-BC50-DA1ADBBB2975}.Release|Win32.Build.0 = Release|Win32
		{64ED0D6F-21FD-4A70-88F0-617888F8DCD0}.Debug|Win32.ActiveCfg = Debug|Win32
		{64ED0D6F-21FD-4A70-88F0-617888F8DCD0}.Debug|Win32.Build.0 = Debug|Win32
		{64ED0D6F-21FD-4A70-88F0-617888F8DCD0}.Release|Win32.ActiveCfg = Release|Win32
		{64ED0D6F-21FD-4A70-88F0-617888F8DCD0}.Release|Win32.Build.0 = Release|Win32
		{71477D7A-A567-4B7B-8D0B-C382B74A5307}.Debug|Win32.ActiveCfg = Debug|Win32
		{71477D7A-A567-4B7B-8D0B-C382B74A5307}.Debug|Win32.Build.0 = Debug|Win32
		{71477D7A-A567-4B7B-8D0B-C382B74A5307}.Release|Win32.ActiveCfg = Release|Win32
		{71477D7A-A567-4B7B-8D0B-C382B74A5307}.Release|Win32.Build.0 = Release|Win32
		{266F71BA-9506-4ED1-90BB-55DD99BA3B97}.Debug|Win32.ActiveCfg = Debug|Win32
		{266F71BA-9506-4ED1-90BB-55DD99BA3B97}.Debug|Win32.Build.0 = Debug|Win32
		{266F71BA-9506-4ED1-90BB-55DD99BA3B97}.Release|Win32.ActiveCfg = Release|Win32
		{266F71BA-9506-4ED1-90BB-55DD99BA3B97}.Release|Win32.Build.0 = Release|Win32
		{3B215035-4E5D-440A-8B9C-C626EC8C52E6}.Debug|Win32.ActiveCfg = Debug|Win32
		{3B215035-4E5D-440A-8B9C-C626EC8C52E6}.Debug|Win32.Build.0 = Debug|Win32
		{3B215035-4E5D-440A-8B9C-C626EC8C52E6}.Release|Win32.ActiveCfg = Release|Win32
		{3B215035-4E5D-440A-8B9C-C626EC8C52E6}.Release|Win32.Build.0 = Release|Win32
		{578AD1E2-8ED0-4A10-B25E-9234B2BD3181}.Debug|Win32.ActiveCfg = Debug|Win32
		{578AD1E2-8ED0-4A10-B25E-9234B2BD3181}.Debug|Win32.Build.0 = Debug|Win32
		{578AD1E2-8ED0-4A10-B25E-9234B2BD3181}.Release|Win32.ActiveCfg = Release|Win32
		{578AD1E2-8ED0-4A10-B25E-9234B2BD3181}.Release|Win32.Build.0 = Release|Win32
		{3EF46868-D5A3-4AFA-A969-C83786793B36}.Debug|Win32.ActiveCfg = Debug|Win32
		{3EF46868-D5A3-4AFA-A969-C83786793B36}.Debug|Win32.Build.0 = Debug|Win32
		{3EF46868-D5A3-4AFA-A969-C83786793B36}.Release|Win32.ActiveCfg = Release|Win32
		{3EF46868-D5A3-4AFA-A969-C83786793B36}.Release|Win32.Build.0 = Release|Win32
		{BE603031-DED0-40F4-A6E5-0F4CFBECA998}.Debug|Win32.ActiveCfg = Debug|Win32
		{BE603031-DED0-40F4-A6E5-0F4CFBECA998}.Debug|Win32.Build.0 = Debug|Win32
		{BE603031-DED0-40F4-A6E5-0F4CFBECA998}.Release|Win32.ActiveCfg = Release|Win32
		{BE603031-DED0-40F4-A6E5-0F4CFBECA998}.Release|Win32.Build.0 = Release|Win32
		{B11908E9-CA66-41B6-B396-C0421BEA4305}.Debug|Win32.ActiveCfg = Debug|Win32
		{B11908E9-CA66-41B6-B396-C0421BEA4305}.Debug|Win32.Build.0 = Debug|Win32
		{B11908E9-CA66-41B6-B396-C0421BEA4305}.Release|Win32.ActiveCfg = Release|Win32
		{B11908E9-CA66-41B6-B396-C0421BEA4305}.Release|Win32.Build.0 = Release|Win32
		{E5245EC7-5B08-4FF4-B176-4208C8C65639}.Debug|Win32.ActiveCfg = Debug|Win32
		{E5245EC7-5B08-4FF4-B176-4208C8C65639}.Debug|Win32.Build.0 = Debug|Win32
		{E5245EC7-5B08-4FF4-B176-4208C8C65639}.Release|Win32.ActiveCfg = Release|Win32
		{E5245EC7-5B08-4FF4-B176-4208C8C65639}.Release|Win32.Build.0 = Release|Win32
		{FC4CB855-E893-413D-B1C3-2A3C53D78ABB}.Debug|Win32.ActiveCfg = Debug|Win32
		{FC4CB855-E893-413D-B1C3-2A3C53D78ABB}.Debug|Win32.Build.0 = Debug|Win32
		{FC4CB855-E893-413D-B1C3-2A3C53D78ABB}.Release|Win32.ActiveCfg = Release|Win32
		{FC4CB855-E893-413D-B1C3-2A3C53D78ABB}.Release|Win32.Build.0 = Release|Win32
	EndGlobalSection
	GlobalSection(SolutionProperties) = preSolution
		HideSolutionNode = FALSE
	EndGlobalSection
EndGlobal
